// !$*UTF8*$!
{
	archiveVersion = 1;
	classes = {
	};
	objectVersion = 46;
	objects = {

/* Begin PBXBuildFile section */
		901379C418F5B9D700B7434C /* MMSKrakJamView.m in Sources */ = {isa = PBXBuildFile; fileRef = 901379C318F5B9D700B7434C /* MMSKrakJamView.m */; };
		901379C718F5E2D900B7434C /* krakjam@2x.png in Resources */ = {isa = PBXBuildFile; fileRef = 901379C518F5E2D900B7434C /* krakjam@2x.png */; };
		901379CB18F5E2F900B7434C /* SmartCatchPromo.m4v in Resources */ = {isa = PBXBuildFile; fileRef = 901379CA18F5E2F900B7434C /* SmartCatchPromo.m4v */; };
		901BDD0418F4B7FD00723187 /* MMSMenuVC.m in Sources */ = {isa = PBXBuildFile; fileRef = 901BDD0318F4B7FD00723187 /* MMSMenuVC.m */; };
		901BDD0718F4B85F00723187 /* MMSMenuView.m in Sources */ = {isa = PBXBuildFile; fileRef = 901BDD0618F4B85F00723187 /* MMSMenuView.m */; };
		901BDD0A18F56D4F00723187 /* NSTimer+Blocks.m in Sources */ = {isa = PBXBuildFile; fileRef = 901BDD0918F56D4F00723187 /* NSTimer+Blocks.m */; };
		901BDD0E18F5799A00723187 /* MMSHackathonsVC.m in Sources */ = {isa = PBXBuildFile; fileRef = 901BDD0D18F5799A00723187 /* MMSHackathonsVC.m */; };
		901BDD1118F579B700723187 /* MMSHackathonsView.m in Sources */ = {isa = PBXBuildFile; fileRef = 901BDD1018F579B700723187 /* MMSHackathonsView.m */; };
		901BDD1418F57F8900723187 /* MMSAGHacksView.m in Sources */ = {isa = PBXBuildFile; fileRef = 901BDD1318F57F8900723187 /* MMSAGHacksView.m */; };
		901BDD1A18F5829F00723187 /* MediaPlayer.framework in Frameworks */ = {isa = PBXBuildFile; fileRef = 901BDD1918F5829F00723187 /* MediaPlayer.framework */; };
		901BDD1C18F582DD00723187 /* QuartzCore.framework in Frameworks */ = {isa = PBXBuildFile; fileRef = 901BDD1B18F582DD00723187 /* QuartzCore.framework */; };
		901BDD1E18F5850A00723187 /* AGHacksPromo.mov in Resources */ = {isa = PBXBuildFile; fileRef = 901BDD1D18F5850A00723187 /* AGHacksPromo.mov */; };
		901BDD2018F5968600723187 /* AGHacksLogo@2x.png in Resources */ = {isa = PBXBuildFile; fileRef = 901BDD1F18F5968600723187 /* AGHacksLogo@2x.png */; };
		901BDD2418F59F9400723187 /* MMSAGHacksDetailsView.m in Sources */ = {isa = PBXBuildFile; fileRef = 901BDD2318F59F9400723187 /* MMSAGHacksDetailsView.m */; };
		9028214C18F6A16200FD9A26 /* ggj@2x.png in Resources */ = {isa = PBXBuildFile; fileRef = 9028214B18F6A16200FD9A26 /* ggj@2x.png */; };
		9036147618F8236500213C3F /* cc1.jpg in Resources */ = {isa = PBXBuildFile; fileRef = 9036147318F8236500213C3F /* cc1.jpg */; };
		9036147718F8236500213C3F /* cc2.jpg in Resources */ = {isa = PBXBuildFile; fileRef = 9036147418F8236500213C3F /* cc2.jpg */; };
		9036147818F8236500213C3F /* cc3.jpg in Resources */ = {isa = PBXBuildFile; fileRef = 9036147518F8236500213C3F /* cc3.jpg */; };
		9036147A18F9304400213C3F /* MMSEventsView.xib in Resources */ = {isa = PBXBuildFile; fileRef = 9036147918F9304400213C3F /* MMSEventsView.xib */; };
		9036147D18F936CF00213C3F /* wwdc1.jpg in Resources */ = {isa = PBXBuildFile; fileRef = 9036147B18F936CF00213C3F /* wwdc1.jpg */; };
		9036147E18F936CF00213C3F /* wwdc2.jpg in Resources */ = {isa = PBXBuildFile; fileRef = 9036147C18F936CF00213C3F /* wwdc2.jpg */; };
		9036148418F9677500213C3F /* MMSProjectsVC.m in Sources */ = {isa = PBXBuildFile; fileRef = 9036148318F9677500213C3F /* MMSProjectsVC.m */; };
		9036148718F9719600213C3F /* MMSCubeView.m in Sources */ = {isa = PBXBuildFile; fileRef = 9036148618F9719600213C3F /* MMSCubeView.m */; };
		9036148A18F9776000213C3F /* MMSCubesMenu.m in Sources */ = {isa = PBXBuildFile; fileRef = 9036148918F9776000213C3F /* MMSCubesMenu.m */; };
		9036148D18F97D1900213C3F /* MMSFarmView.m in Sources */ = {isa = PBXBuildFile; fileRef = 9036148C18F97D1900213C3F /* MMSFarmView.m */; };
		9036149018F981CE00213C3F /* farm1@2x.png in Resources */ = {isa = PBXBuildFile; fileRef = 9036148E18F981CE00213C3F /* farm1@2x.png */; };
		9036149118F981CE00213C3F /* farm2@2x.png in Resources */ = {isa = PBXBuildFile; fileRef = 9036148F18F981CE00213C3F /* farm2@2x.png */; };
		9036149418F9825600213C3F /* MMSFarmView.xib in Resources */ = {isa = PBXBuildFile; fileRef = 9036149318F9825600213C3F /* MMSFarmView.xib */; };
		9036149718F9AE1700213C3F /* MMSSmartTapsView.m in Sources */ = {isa = PBXBuildFile; fileRef = 9036149618F9AE1700213C3F /* MMSSmartTapsView.m */; };
		9036149918F9AE3000213C3F /* MMSSmartTapsView.xib in Resources */ = {isa = PBXBuildFile; fileRef = 9036149818F9AE3000213C3F /* MMSSmartTapsView.xib */; };
		9036149B18F9AF8900213C3F /* smart1@2x.png in Resources */ = {isa = PBXBuildFile; fileRef = 9036149A18F9AF8900213C3F /* smart1@2x.png */; };
		903614A318F9B77B00213C3F /* MMSBurglarsNightView.m in Sources */ = {isa = PBXBuildFile; fileRef = 903614A218F9B77B00213C3F /* MMSBurglarsNightView.m */; };
		903614A518F9B78C00213C3F /* MMSBurglarsNightView.xib in Resources */ = {isa = PBXBuildFile; fileRef = 903614A418F9B78C00213C3F /* MMSBurglarsNightView.xib */; };
		903614A818F9D63200213C3F /* MMSAboutMeVC.m in Sources */ = {isa = PBXBuildFile; fileRef = 903614A718F9D63200213C3F /* MMSAboutMeVC.m */; };
		903614AB18FA048400213C3F /* MMSAboutMeView.m in Sources */ = {isa = PBXBuildFile; fileRef = 903614AA18FA048400213C3F /* MMSAboutMeView.m */; };
		903614AD18FA061E00213C3F /* MapKit.framework in Frameworks */ = {isa = PBXBuildFile; fileRef = 903614AC18FA061E00213C3F /* MapKit.framework */; };
		903614B018FA065C00213C3F /* MMSPolandView.m in Sources */ = {isa = PBXBuildFile; fileRef = 903614AF18FA065C00213C3F /* MMSPolandView.m */; };
		903614B218FA8EC400213C3F /* MMSPolandView.xib in Resources */ = {isa = PBXBuildFile; fileRef = 903614B118FA8EC400213C3F /* MMSPolandView.xib */; };
		903614B518FA9B6200213C3F /* MMSCubeButton.m in Sources */ = {isa = PBXBuildFile; fileRef = 903614B418FA9B6200213C3F /* MMSCubeButton.m */; };
		9067AA7C18FBD64F001F7E74 /* burglars-1@2x.png in Resources */ = {isa = PBXBuildFile; fileRef = 9067AA7A18FBD64F001F7E74 /* burglars-1@2x.png */; };
		9067AA7D18FBD64F001F7E74 /* burglars-2@2x.png in Resources */ = {isa = PBXBuildFile; fileRef = 9067AA7B18FBD64F001F7E74 /* burglars-2@2x.png */; };
		907A614618F1581C00273A57 /* Foundation.framework in Frameworks */ = {isa = PBXBuildFile; fileRef = 907A614518F1581C00273A57 /* Foundation.framework */; };
		907A614818F1581C00273A57 /* CoreGraphics.framework in Frameworks */ = {isa = PBXBuildFile; fileRef = 907A614718F1581C00273A57 /* CoreGraphics.framework */; };
		907A614A18F1581C00273A57 /* UIKit.framework in Frameworks */ = {isa = PBXBuildFile; fileRef = 907A614918F1581C00273A57 /* UIKit.framework */; };
		907A615018F1581C00273A57 /* InfoPlist.strings in Resources */ = {isa = PBXBuildFile; fileRef = 907A614E18F1581C00273A57 /* InfoPlist.strings */; };
		907A615218F1581C00273A57 /* main.m in Sources */ = {isa = PBXBuildFile; fileRef = 907A615118F1581C00273A57 /* main.m */; };
		907A615618F1581C00273A57 /* MMSAppDelegate.m in Sources */ = {isa = PBXBuildFile; fileRef = 907A615518F1581C00273A57 /* MMSAppDelegate.m */; };
		907A615918F1581C00273A57 /* Main.storyboard in Resources */ = {isa = PBXBuildFile; fileRef = 907A615718F1581C00273A57 /* Main.storyboard */; };
		907A615C18F1581C00273A57 /* MMSHelloViewController.m in Sources */ = {isa = PBXBuildFile; fileRef = 907A615B18F1581C00273A57 /* MMSHelloViewController.m */; };
		907A615E18F1581C00273A57 /* Images.xcassets in Resources */ = {isa = PBXBuildFile; fileRef = 907A615D18F1581C00273A57 /* Images.xcassets */; };
		907A616518F1581C00273A57 /* XCTest.framework in Frameworks */ = {isa = PBXBuildFile; fileRef = 907A616418F1581C00273A57 /* XCTest.framework */; };
		907A616618F1581D00273A57 /* Foundation.framework in Frameworks */ = {isa = PBXBuildFile; fileRef = 907A614518F1581C00273A57 /* Foundation.framework */; };
		907A616718F1581D00273A57 /* UIKit.framework in Frameworks */ = {isa = PBXBuildFile; fileRef = 907A614918F1581C00273A57 /* UIKit.framework */; };
		907A616F18F1581D00273A57 /* InfoPlist.strings in Resources */ = {isa = PBXBuildFile; fileRef = 907A616D18F1581D00273A57 /* InfoPlist.strings */; };
		907A617118F1581D00273A57 /* MichalSmialkoTests.m in Sources */ = {isa = PBXBuildFile; fileRef = 907A617018F1581D00273A57 /* MichalSmialkoTests.m */; };
		907A617C18F1586B00273A57 /* MMSStyleSheet.m in Sources */ = {isa = PBXBuildFile; fileRef = 907A617B18F1586B00273A57 /* MMSStyleSheet.m */; };
		907A617F18F1592300273A57 /* MMSHelloView.m in Sources */ = {isa = PBXBuildFile; fileRef = 907A617E18F1592300273A57 /* MMSHelloView.m */; };
		907A618218F166F300273A57 /* SpriteKit.framework in Frameworks */ = {isa = PBXBuildFile; fileRef = 907A618118F166F300273A57 /* SpriteKit.framework */; };
		907A61CD18F1679900273A57 /* MMSKaratePandaScene.m in Sources */ = {isa = PBXBuildFile; fileRef = 907A61CC18F1679900273A57 /* MMSKaratePandaScene.m */; };
		907A61D318F1684200273A57 /* MMSKaratePandaVC.m in Sources */ = {isa = PBXBuildFile; fileRef = 907A61D218F1684200273A57 /* MMSKaratePandaVC.m */; };
		907A61D618F16A0B00273A57 /* MMSKaratePandaView.m in Sources */ = {isa = PBXBuildFile; fileRef = 907A61D518F16A0B00273A57 /* MMSKaratePandaView.m */; };
		907A61E818F1930400273A57 /* MMSHeroNode.m in Sources */ = {isa = PBXBuildFile; fileRef = 907A61E718F1930400273A57 /* MMSHeroNode.m */; };
		907A61EC18F1B59600273A57 /* MMSBonusNode.m in Sources */ = {isa = PBXBuildFile; fileRef = 907A61EB18F1B59600273A57 /* MMSBonusNode.m */; };
		907A61EF18F1B65000273A57 /* MMSKeys.m in Sources */ = {isa = PBXBuildFile; fileRef = 907A61EE18F1B65000273A57 /* MMSKeys.m */; };
		907A61F218F1B6ED00273A57 /* MMSPath.m in Sources */ = {isa = PBXBuildFile; fileRef = 907A61F118F1B6ED00273A57 /* MMSPath.m */; };
		90B208AF18FABE4B0097D866 /* bgblur.jpg in Resources */ = {isa = PBXBuildFile; fileRef = 90B208AE18FABE4B0097D866 /* bgblur.jpg */; };
		90B208B518FAD2A90097D866 /* UIImage+Utils.m in Sources */ = {isa = PBXBuildFile; fileRef = 90B208B418FAD2A90097D866 /* UIImage+Utils.m */; };
		90B208B718FAD9750097D866 /* mask@2x.png in Resources */ = {isa = PBXBuildFile; fileRef = 90B208B618FAD9750097D866 /* mask@2x.png */; };
		90B208B918FAED9B0097D866 /* back@2x.png in Resources */ = {isa = PBXBuildFile; fileRef = 90B208B818FAED9B0097D866 /* back@2x.png */; };
		90B208BB18FB33C30097D866 /* agh.jpg in Resources */ = {isa = PBXBuildFile; fileRef = 90B208BA18FB33C30097D866 /* agh.jpg */; };
		90B208BD18FB34FB0097D866 /* nyc.jpg in Resources */ = {isa = PBXBuildFile; fileRef = 90B208BC18FB34FB0097D866 /* nyc.jpg */; };
		90B208BF18FB37470097D866 /* basek.png in Resources */ = {isa = PBXBuildFile; fileRef = 90B208BE18FB37470097D866 /* basek.png */; };
		90B208C118FB39630097D866 /* coffe.jpg in Resources */ = {isa = PBXBuildFile; fileRef = 90B208C018FB39630097D866 /* coffe.jpg */; };
		90C53B0F18F2C6F900E09CC6 /* MMSTestViewController.m in Sources */ = {isa = PBXBuildFile; fileRef = 90C53B0E18F2C6F900E09CC6 /* MMSTestViewController.m */; };
		90C53B1218F2C71800E09CC6 /* MMSStackView.m in Sources */ = {isa = PBXBuildFile; fileRef = 90C53B1118F2C71800E09CC6 /* MMSStackView.m */; };
		90C53B1518F2CE2800E09CC6 /* NSArray+Utils.m in Sources */ = {isa = PBXBuildFile; fileRef = 90C53B1418F2CE2800E09CC6 /* NSArray+Utils.m */; };
		90CE964818FBD9B000AB4D57 /* MMSKaratePandaView.xib in Resources */ = {isa = PBXBuildFile; fileRef = 90CE964718FBD9B000AB4D57 /* MMSKaratePandaView.xib */; };
		90CE964E18FBDBAF00AB4D57 /* KaratePandaTrailer.mp4 in Resources */ = {isa = PBXBuildFile; fileRef = 90CE964918FBDBAF00AB4D57 /* KaratePandaTrailer.mp4 */; };
		90CE964F18FBDBAF00AB4D57 /* panda1@2x.jpg in Resources */ = {isa = PBXBuildFile; fileRef = 90CE964A18FBDBAF00AB4D57 /* panda1@2x.jpg */; };
		90CE965018FBDBAF00AB4D57 /* panda2@2x.jpg in Resources */ = {isa = PBXBuildFile; fileRef = 90CE964B18FBDBAF00AB4D57 /* panda2@2x.jpg */; };
		90CE965118FBDBAF00AB4D57 /* panda3@2x.jpg in Resources */ = {isa = PBXBuildFile; fileRef = 90CE964C18FBDBAF00AB4D57 /* panda3@2x.jpg */; };
		90CE965218FBDBAF00AB4D57 /* panda4.png in Resources */ = {isa = PBXBuildFile; fileRef = 90CE964D18FBDBAF00AB4D57 /* panda4.png */; };
		90CE965618FBE5C600AB4D57 /* dare1@2x.png in Resources */ = {isa = PBXBuildFile; fileRef = 90CE965318FBE5C600AB4D57 /* dare1@2x.png */; };
		90CE965718FBE5C600AB4D57 /* dare2@2x.png in Resources */ = {isa = PBXBuildFile; fileRef = 90CE965418FBE5C600AB4D57 /* dare2@2x.png */; };
		90CE965818FBE5C600AB4D57 /* sched1@2x.png in Resources */ = {isa = PBXBuildFile; fileRef = 90CE965518FBE5C600AB4D57 /* sched1@2x.png */; };
		90CE965A18FBE64F00AB4D57 /* sched2@2x.png in Resources */ = {isa = PBXBuildFile; fileRef = 90CE965918FBE64F00AB4D57 /* sched2@2x.png */; };
		90CE965D18FBF07700AB4D57 /* next@2x.png in Resources */ = {isa = PBXBuildFile; fileRef = 90CE965B18FBF07700AB4D57 /* next@2x.png */; };
		90CE965E18FBF07700AB4D57 /* previous@2x.png in Resources */ = {isa = PBXBuildFile; fileRef = 90CE965C18FBF07700AB4D57 /* previous@2x.png */; };
		90CE966018FC01FA00AB4D57 /* farmvid.mp4 in Resources */ = {isa = PBXBuildFile; fileRef = 90CE965F18FC01FA00AB4D57 /* farmvid.mp4 */; };
		90CE966218FC080A00AB4D57 /* ping.aifc in Resources */ = {isa = PBXBuildFile; fileRef = 90CE966118FC080A00AB4D57 /* ping.aifc */; };
		90CE966418FC086A00AB4D57 /* AVFoundation.framework in Frameworks */ = {isa = PBXBuildFile; fileRef = 90CE966318FC086A00AB4D57 /* AVFoundation.framework */; };
		90F8E6A418F6B9FF00797B83 /* MMSUSHackathonView.m in Sources */ = {isa = PBXBuildFile; fileRef = 90F8E6A318F6B9FF00797B83 /* MMSUSHackathonView.m */; };
		90F8E6A718F6BB5200797B83 /* hacktechLogo@2x.png in Resources */ = {isa = PBXBuildFile; fileRef = 90F8E6A518F6BB5200797B83 /* hacktechLogo@2x.png */; };
		90F8E6A818F6BB5200797B83 /* mhacksLogo@2x.png in Resources */ = {isa = PBXBuildFile; fileRef = 90F8E6A618F6BB5200797B83 /* mhacksLogo@2x.png */; };
		90F8E6AC18F6C1F400797B83 /* MMSLearnTeachVC.m in Sources */ = {isa = PBXBuildFile; fileRef = 90F8E6AB18F6C1F400797B83 /* MMSLearnTeachVC.m */; };
		90F8E6B118F6CEDF00797B83 /* MDMatrix.m in Sources */ = {isa = PBXBuildFile; fileRef = 90F8E6AE18F6CEDF00797B83 /* MDMatrix.m */; };
		90F8E6B218F6CEDF00797B83 /* MDScratchImageView.mm in Sources */ = {isa = PBXBuildFile; fileRef = 90F8E6B018F6CEDF00797B83 /* MDScratchImageView.mm */; };
		90F8E6B718F6CF5900797B83 /* MMSCocoaHeadsView.m in Sources */ = {isa = PBXBuildFile; fileRef = 90F8E6B618F6CF5900797B83 /* MMSCocoaHeadsView.m */; };
		90F8E6B918F6D9D300797B83 /* chBg@2x.jpeg in Resources */ = {isa = PBXBuildFile; fileRef = 90F8E6B818F6D9D300797B83 /* chBg@2x.jpeg */; };
		90F8E6BC18F6DB4B00797B83 /* chLogo@2x.png in Resources */ = {isa = PBXBuildFile; fileRef = 90F8E6BB18F6DB4B00797B83 /* chLogo@2x.png */; };
		90F8E6BF18F6DE1200797B83 /* UIImage+ImageEffects.m in Sources */ = {isa = PBXBuildFile; fileRef = 90F8E6BE18F6DE1200797B83 /* UIImage+ImageEffects.m */; };
		90F8E6C318F6DE8200797B83 /* UIView+Effects.m in Sources */ = {isa = PBXBuildFile; fileRef = 90F8E6C218F6DE8200797B83 /* UIView+Effects.m */; };
		90F8E6C918F812C100797B83 /* ch1.jpeg in Resources */ = {isa = PBXBuildFile; fileRef = 90F8E6C418F812C100797B83 /* ch1.jpeg */; };
		90F8E6CA18F812C100797B83 /* ch2.jpeg in Resources */ = {isa = PBXBuildFile; fileRef = 90F8E6C518F812C100797B83 /* ch2.jpeg */; };
		90F8E6CB18F812C100797B83 /* ch3.jpeg in Resources */ = {isa = PBXBuildFile; fileRef = 90F8E6C618F812C100797B83 /* ch3.jpeg */; };
		90F8E6CC18F812C100797B83 /* ch4.jpeg in Resources */ = {isa = PBXBuildFile; fileRef = 90F8E6C718F812C100797B83 /* ch4.jpeg */; };
		90F8E6CD18F812C100797B83 /* ch5.jpeg in Resources */ = {isa = PBXBuildFile; fileRef = 90F8E6C818F812C100797B83 /* ch5.jpeg */; };
		90F8E6D018F817C200797B83 /* MMSLearnTeachView.m in Sources */ = {isa = PBXBuildFile; fileRef = 90F8E6CF18F817C200797B83 /* MMSLearnTeachView.m */; };
		90F8E6D318F818E900797B83 /* MMSEventsView.m in Sources */ = {isa = PBXBuildFile; fileRef = 90F8E6D218F818E900797B83 /* MMSEventsView.m */; };
/* End PBXBuildFile section */

/* Begin PBXContainerItemProxy section */
		907A616818F1581D00273A57 /* PBXContainerItemProxy */ = {
			isa = PBXContainerItemProxy;
			containerPortal = 907A613A18F1581C00273A57 /* Project object */;
			proxyType = 1;
			remoteGlobalIDString = 907A614118F1581C00273A57;
			remoteInfo = MichalSmialko;
		};
/* End PBXContainerItemProxy section */

/* Begin PBXFileReference section */
		901379C218F5B9D700B7434C /* MMSKrakJamView.h */ = {isa = PBXFileReference; fileEncoding = 4; lastKnownFileType = sourcecode.c.h; name = MMSKrakJamView.h; path = Classes/Views/MMSKrakJamView.h; sourceTree = "<group>"; };
		901379C318F5B9D700B7434C /* MMSKrakJamView.m */ = {isa = PBXFileReference; fileEncoding = 4; lastKnownFileType = sourcecode.c.objc; name = MMSKrakJamView.m; path = Classes/Views/MMSKrakJamView.m; sourceTree = "<group>"; };
		901379C518F5E2D900B7434C /* krakjam@2x.png */ = {isa = PBXFileReference; lastKnownFileType = image.png; name = "krakjam@2x.png"; path = "Resources/KrakJam/krakjam@2x.png"; sourceTree = "<group>"; };
		901379CA18F5E2F900B7434C /* SmartCatchPromo.m4v */ = {isa = PBXFileReference; lastKnownFileType = file; name = SmartCatchPromo.m4v; path = Resources/SmartTaps/SmartCatchPromo.m4v; sourceTree = "<group>"; };
		901BDD0218F4B7FD00723187 /* MMSMenuVC.h */ = {isa = PBXFileReference; fileEncoding = 4; lastKnownFileType = sourcecode.c.h; name = MMSMenuVC.h; path = Classes/Controllers/MMSMenuVC.h; sourceTree = "<group>"; };
		901BDD0318F4B7FD00723187 /* MMSMenuVC.m */ = {isa = PBXFileReference; fileEncoding = 4; lastKnownFileType = sourcecode.c.objc; name = MMSMenuVC.m; path = Classes/Controllers/MMSMenuVC.m; sourceTree = "<group>"; };
		901BDD0518F4B85F00723187 /* MMSMenuView.h */ = {isa = PBXFileReference; fileEncoding = 4; lastKnownFileType = sourcecode.c.h; name = MMSMenuView.h; path = Classes/Views/MMSMenuView.h; sourceTree = "<group>"; };
		901BDD0618F4B85F00723187 /* MMSMenuView.m */ = {isa = PBXFileReference; fileEncoding = 4; lastKnownFileType = sourcecode.c.objc; name = MMSMenuView.m; path = Classes/Views/MMSMenuView.m; sourceTree = "<group>"; };
		901BDD0818F56D4F00723187 /* NSTimer+Blocks.h */ = {isa = PBXFileReference; fileEncoding = 4; lastKnownFileType = sourcecode.c.h; name = "NSTimer+Blocks.h"; path = "extern/NSTimer-Blocks-master/NSTimer+Blocks.h"; sourceTree = "<group>"; };
		901BDD0918F56D4F00723187 /* NSTimer+Blocks.m */ = {isa = PBXFileReference; fileEncoding = 4; lastKnownFileType = sourcecode.c.objc; name = "NSTimer+Blocks.m"; path = "extern/NSTimer-Blocks-master/NSTimer+Blocks.m"; sourceTree = "<group>"; };
		901BDD0C18F5799A00723187 /* MMSHackathonsVC.h */ = {isa = PBXFileReference; fileEncoding = 4; lastKnownFileType = sourcecode.c.h; name = MMSHackathonsVC.h; path = Classes/Controllers/MMSHackathonsVC.h; sourceTree = "<group>"; };
		901BDD0D18F5799A00723187 /* MMSHackathonsVC.m */ = {isa = PBXFileReference; fileEncoding = 4; lastKnownFileType = sourcecode.c.objc; name = MMSHackathonsVC.m; path = Classes/Controllers/MMSHackathonsVC.m; sourceTree = "<group>"; };
		901BDD0F18F579B700723187 /* MMSHackathonsView.h */ = {isa = PBXFileReference; fileEncoding = 4; lastKnownFileType = sourcecode.c.h; name = MMSHackathonsView.h; path = Classes/Views/MMSHackathonsView.h; sourceTree = "<group>"; };
		901BDD1018F579B700723187 /* MMSHackathonsView.m */ = {isa = PBXFileReference; fileEncoding = 4; lastKnownFileType = sourcecode.c.objc; name = MMSHackathonsView.m; path = Classes/Views/MMSHackathonsView.m; sourceTree = "<group>"; };
		901BDD1218F57F8900723187 /* MMSAGHacksView.h */ = {isa = PBXFileReference; fileEncoding = 4; lastKnownFileType = sourcecode.c.h; name = MMSAGHacksView.h; path = Classes/Views/MMSAGHacksView.h; sourceTree = "<group>"; };
		901BDD1318F57F8900723187 /* MMSAGHacksView.m */ = {isa = PBXFileReference; fileEncoding = 4; lastKnownFileType = sourcecode.c.objc; name = MMSAGHacksView.m; path = Classes/Views/MMSAGHacksView.m; sourceTree = "<group>"; };
		901BDD1918F5829F00723187 /* MediaPlayer.framework */ = {isa = PBXFileReference; lastKnownFileType = wrapper.framework; name = MediaPlayer.framework; path = System/Library/Frameworks/MediaPlayer.framework; sourceTree = SDKROOT; };
		901BDD1B18F582DD00723187 /* QuartzCore.framework */ = {isa = PBXFileReference; lastKnownFileType = wrapper.framework; name = QuartzCore.framework; path = System/Library/Frameworks/QuartzCore.framework; sourceTree = SDKROOT; };
		901BDD1D18F5850A00723187 /* AGHacksPromo.mov */ = {isa = PBXFileReference; lastKnownFileType = video.quicktime; name = AGHacksPromo.mov; path = Resources/AGHacksPromo.mov; sourceTree = "<group>"; };
		901BDD1F18F5968600723187 /* AGHacksLogo@2x.png */ = {isa = PBXFileReference; lastKnownFileType = image.png; name = "AGHacksLogo@2x.png"; path = "Resources/AGHacks/AGHacksLogo@2x.png"; sourceTree = "<group>"; };
		901BDD2218F59F9400723187 /* MMSAGHacksDetailsView.h */ = {isa = PBXFileReference; fileEncoding = 4; lastKnownFileType = sourcecode.c.h; name = MMSAGHacksDetailsView.h; path = Classes/Views/MMSAGHacksDetailsView.h; sourceTree = "<group>"; };
		901BDD2318F59F9400723187 /* MMSAGHacksDetailsView.m */ = {isa = PBXFileReference; fileEncoding = 4; lastKnownFileType = sourcecode.c.objc; name = MMSAGHacksDetailsView.m; path = Classes/Views/MMSAGHacksDetailsView.m; sourceTree = "<group>"; };
		9028214B18F6A16200FD9A26 /* ggj@2x.png */ = {isa = PBXFileReference; lastKnownFileType = image.png; name = "ggj@2x.png"; path = "Resources/KrakJam/ggj@2x.png"; sourceTree = "<group>"; };
		9036147318F8236500213C3F /* cc1.jpg */ = {isa = PBXFileReference; lastKnownFileType = image.jpeg; name = cc1.jpg; path = Resources/Events/cc1.jpg; sourceTree = "<group>"; };
		9036147418F8236500213C3F /* cc2.jpg */ = {isa = PBXFileReference; lastKnownFileType = image.jpeg; name = cc2.jpg; path = Resources/Events/cc2.jpg; sourceTree = "<group>"; };
		9036147518F8236500213C3F /* cc3.jpg */ = {isa = PBXFileReference; lastKnownFileType = image.jpeg; name = cc3.jpg; path = Resources/Events/cc3.jpg; sourceTree = "<group>"; };
		9036147918F9304400213C3F /* MMSEventsView.xib */ = {isa = PBXFileReference; fileEncoding = 4; lastKnownFileType = file.xib; name = MMSEventsView.xib; path = Classes/Views/MMSEventsView.xib; sourceTree = "<group>"; };
		9036147B18F936CF00213C3F /* wwdc1.jpg */ = {isa = PBXFileReference; lastKnownFileType = image.jpeg; name = wwdc1.jpg; path = Resources/Events/wwdc1.jpg; sourceTree = "<group>"; };
		9036147C18F936CF00213C3F /* wwdc2.jpg */ = {isa = PBXFileReference; lastKnownFileType = image.jpeg; name = wwdc2.jpg; path = Resources/Events/wwdc2.jpg; sourceTree = "<group>"; };
		9036148218F9677500213C3F /* MMSProjectsVC.h */ = {isa = PBXFileReference; fileEncoding = 4; lastKnownFileType = sourcecode.c.h; name = MMSProjectsVC.h; path = Classes/Controllers/MMSProjectsVC.h; sourceTree = "<group>"; };
		9036148318F9677500213C3F /* MMSProjectsVC.m */ = {isa = PBXFileReference; fileEncoding = 4; lastKnownFileType = sourcecode.c.objc; name = MMSProjectsVC.m; path = Classes/Controllers/MMSProjectsVC.m; sourceTree = "<group>"; };
		9036148518F9719600213C3F /* MMSCubeView.h */ = {isa = PBXFileReference; fileEncoding = 4; lastKnownFileType = sourcecode.c.h; name = MMSCubeView.h; path = Classes/Views/MMSCubeView.h; sourceTree = "<group>"; };
		9036148618F9719600213C3F /* MMSCubeView.m */ = {isa = PBXFileReference; fileEncoding = 4; lastKnownFileType = sourcecode.c.objc; name = MMSCubeView.m; path = Classes/Views/MMSCubeView.m; sourceTree = "<group>"; };
		9036148818F9776000213C3F /* MMSCubesMenu.h */ = {isa = PBXFileReference; fileEncoding = 4; lastKnownFileType = sourcecode.c.h; name = MMSCubesMenu.h; path = Classes/Views/MMSCubesMenu.h; sourceTree = "<group>"; };
		9036148918F9776000213C3F /* MMSCubesMenu.m */ = {isa = PBXFileReference; fileEncoding = 4; lastKnownFileType = sourcecode.c.objc; name = MMSCubesMenu.m; path = Classes/Views/MMSCubesMenu.m; sourceTree = "<group>"; };
		9036148B18F97D1900213C3F /* MMSFarmView.h */ = {isa = PBXFileReference; fileEncoding = 4; lastKnownFileType = sourcecode.c.h; name = MMSFarmView.h; path = Classes/Views/MMSFarmView.h; sourceTree = "<group>"; };
		9036148C18F97D1900213C3F /* MMSFarmView.m */ = {isa = PBXFileReference; fileEncoding = 4; lastKnownFileType = sourcecode.c.objc; name = MMSFarmView.m; path = Classes/Views/MMSFarmView.m; sourceTree = "<group>"; };
		9036148E18F981CE00213C3F /* farm1@2x.png */ = {isa = PBXFileReference; lastKnownFileType = image.png; name = "farm1@2x.png"; path = "Resources/Farm2/farm1@2x.png"; sourceTree = "<group>"; };
		9036148F18F981CE00213C3F /* farm2@2x.png */ = {isa = PBXFileReference; lastKnownFileType = image.png; name = "farm2@2x.png"; path = "Resources/Farm2/farm2@2x.png"; sourceTree = "<group>"; };
		9036149318F9825600213C3F /* MMSFarmView.xib */ = {isa = PBXFileReference; fileEncoding = 4; lastKnownFileType = file.xib; name = MMSFarmView.xib; path = Classes/Views/MMSFarmView.xib; sourceTree = "<group>"; };
		9036149518F9AE1700213C3F /* MMSSmartTapsView.h */ = {isa = PBXFileReference; fileEncoding = 4; lastKnownFileType = sourcecode.c.h; name = MMSSmartTapsView.h; path = Classes/Views/MMSSmartTapsView.h; sourceTree = "<group>"; };
		9036149618F9AE1700213C3F /* MMSSmartTapsView.m */ = {isa = PBXFileReference; fileEncoding = 4; lastKnownFileType = sourcecode.c.objc; name = MMSSmartTapsView.m; path = Classes/Views/MMSSmartTapsView.m; sourceTree = "<group>"; };
		9036149818F9AE3000213C3F /* MMSSmartTapsView.xib */ = {isa = PBXFileReference; fileEncoding = 4; lastKnownFileType = file.xib; name = MMSSmartTapsView.xib; path = Classes/KaratePanda/MMSSmartTapsView.xib; sourceTree = "<group>"; };
		9036149A18F9AF8900213C3F /* smart1@2x.png */ = {isa = PBXFileReference; lastKnownFileType = image.png; name = "smart1@2x.png"; path = "Resources/SmartTaps/smart1@2x.png"; sourceTree = "<group>"; };
		903614A118F9B77B00213C3F /* MMSBurglarsNightView.h */ = {isa = PBXFileReference; fileEncoding = 4; lastKnownFileType = sourcecode.c.h; name = MMSBurglarsNightView.h; path = Classes/Views/MMSBurglarsNightView.h; sourceTree = "<group>"; };
		903614A218F9B77B00213C3F /* MMSBurglarsNightView.m */ = {isa = PBXFileReference; fileEncoding = 4; lastKnownFileType = sourcecode.c.objc; name = MMSBurglarsNightView.m; path = Classes/Views/MMSBurglarsNightView.m; sourceTree = "<group>"; };
		903614A418F9B78C00213C3F /* MMSBurglarsNightView.xib */ = {isa = PBXFileReference; fileEncoding = 4; lastKnownFileType = file.xib; name = MMSBurglarsNightView.xib; path = Classes/Views/MMSBurglarsNightView.xib; sourceTree = "<group>"; };
		903614A618F9D63200213C3F /* MMSAboutMeVC.h */ = {isa = PBXFileReference; fileEncoding = 4; lastKnownFileType = sourcecode.c.h; name = MMSAboutMeVC.h; path = Classes/Controllers/MMSAboutMeVC.h; sourceTree = "<group>"; };
		903614A718F9D63200213C3F /* MMSAboutMeVC.m */ = {isa = PBXFileReference; fileEncoding = 4; lastKnownFileType = sourcecode.c.objc; name = MMSAboutMeVC.m; path = Classes/Controllers/MMSAboutMeVC.m; sourceTree = "<group>"; };
		903614A918FA048400213C3F /* MMSAboutMeView.h */ = {isa = PBXFileReference; fileEncoding = 4; lastKnownFileType = sourcecode.c.h; name = MMSAboutMeView.h; path = Classes/Views/MMSAboutMeView.h; sourceTree = "<group>"; };
		903614AA18FA048400213C3F /* MMSAboutMeView.m */ = {isa = PBXFileReference; fileEncoding = 4; lastKnownFileType = sourcecode.c.objc; name = MMSAboutMeView.m; path = Classes/Views/MMSAboutMeView.m; sourceTree = "<group>"; };
		903614AC18FA061E00213C3F /* MapKit.framework */ = {isa = PBXFileReference; lastKnownFileType = wrapper.framework; name = MapKit.framework; path = System/Library/Frameworks/MapKit.framework; sourceTree = SDKROOT; };
		903614AE18FA065C00213C3F /* MMSPolandView.h */ = {isa = PBXFileReference; fileEncoding = 4; lastKnownFileType = sourcecode.c.h; name = MMSPolandView.h; path = Classes/Views/MMSPolandView.h; sourceTree = "<group>"; };
		903614AF18FA065C00213C3F /* MMSPolandView.m */ = {isa = PBXFileReference; fileEncoding = 4; lastKnownFileType = sourcecode.c.objc; name = MMSPolandView.m; path = Classes/Views/MMSPolandView.m; sourceTree = "<group>"; };
		903614B118FA8EC400213C3F /* MMSPolandView.xib */ = {isa = PBXFileReference; fileEncoding = 4; lastKnownFileType = file.xib; name = MMSPolandView.xib; path = Classes/Views/MMSPolandView.xib; sourceTree = "<group>"; };
		903614B318FA9B6200213C3F /* MMSCubeButton.h */ = {isa = PBXFileReference; fileEncoding = 4; lastKnownFileType = sourcecode.c.h; name = MMSCubeButton.h; path = Classes/Views/MMSCubeButton.h; sourceTree = "<group>"; };
		903614B418FA9B6200213C3F /* MMSCubeButton.m */ = {isa = PBXFileReference; fileEncoding = 4; lastKnownFileType = sourcecode.c.objc; name = MMSCubeButton.m; path = Classes/Views/MMSCubeButton.m; sourceTree = "<group>"; };
		9067AA7A18FBD64F001F7E74 /* burglars-1@2x.png */ = {isa = PBXFileReference; lastKnownFileType = image.png; name = "burglars-1@2x.png"; path = "Resources/BurglarsNight/burglars-1@2x.png"; sourceTree = "<group>"; };
		9067AA7B18FBD64F001F7E74 /* burglars-2@2x.png */ = {isa = PBXFileReference; lastKnownFileType = image.png; name = "burglars-2@2x.png"; path = "Resources/BurglarsNight/burglars-2@2x.png"; sourceTree = "<group>"; };
		907A614218F1581C00273A57 /* MichalSmialko.app */ = {isa = PBXFileReference; explicitFileType = wrapper.application; includeInIndex = 0; path = MichalSmialko.app; sourceTree = BUILT_PRODUCTS_DIR; };
		907A614518F1581C00273A57 /* Foundation.framework */ = {isa = PBXFileReference; lastKnownFileType = wrapper.framework; name = Foundation.framework; path = System/Library/Frameworks/Foundation.framework; sourceTree = SDKROOT; };
		907A614718F1581C00273A57 /* CoreGraphics.framework */ = {isa = PBXFileReference; lastKnownFileType = wrapper.framework; name = CoreGraphics.framework; path = System/Library/Frameworks/CoreGraphics.framework; sourceTree = SDKROOT; };
		907A614918F1581C00273A57 /* UIKit.framework */ = {isa = PBXFileReference; lastKnownFileType = wrapper.framework; name = UIKit.framework; path = System/Library/Frameworks/UIKit.framework; sourceTree = SDKROOT; };
		907A614D18F1581C00273A57 /* MichalSmialko-Info.plist */ = {isa = PBXFileReference; lastKnownFileType = text.plist.xml; path = "MichalSmialko-Info.plist"; sourceTree = "<group>"; };
		907A614F18F1581C00273A57 /* en */ = {isa = PBXFileReference; lastKnownFileType = text.plist.strings; name = en; path = en.lproj/InfoPlist.strings; sourceTree = "<group>"; };
		907A615118F1581C00273A57 /* main.m */ = {isa = PBXFileReference; lastKnownFileType = sourcecode.c.objc; path = main.m; sourceTree = "<group>"; };
		907A615318F1581C00273A57 /* MichalSmialko-Prefix.pch */ = {isa = PBXFileReference; lastKnownFileType = sourcecode.c.h; path = "MichalSmialko-Prefix.pch"; sourceTree = "<group>"; };
		907A615418F1581C00273A57 /* MMSAppDelegate.h */ = {isa = PBXFileReference; lastKnownFileType = sourcecode.c.h; path = MMSAppDelegate.h; sourceTree = "<group>"; };
		907A615518F1581C00273A57 /* MMSAppDelegate.m */ = {isa = PBXFileReference; lastKnownFileType = sourcecode.c.objc; path = MMSAppDelegate.m; sourceTree = "<group>"; };
		907A615818F1581C00273A57 /* Base */ = {isa = PBXFileReference; lastKnownFileType = file.storyboard; name = Base; path = Base.lproj/Main.storyboard; sourceTree = "<group>"; };
		907A615A18F1581C00273A57 /* MMSHelloViewController.h */ = {isa = PBXFileReference; lastKnownFileType = sourcecode.c.h; path = MMSHelloViewController.h; sourceTree = "<group>"; };
		907A615B18F1581C00273A57 /* MMSHelloViewController.m */ = {isa = PBXFileReference; lastKnownFileType = sourcecode.c.objc; path = MMSHelloViewController.m; sourceTree = "<group>"; };
		907A615D18F1581C00273A57 /* Images.xcassets */ = {isa = PBXFileReference; lastKnownFileType = folder.assetcatalog; path = Images.xcassets; sourceTree = "<group>"; };
		907A616318F1581C00273A57 /* MichalSmialkoTests.xctest */ = {isa = PBXFileReference; explicitFileType = wrapper.cfbundle; includeInIndex = 0; path = MichalSmialkoTests.xctest; sourceTree = BUILT_PRODUCTS_DIR; };
		907A616418F1581C00273A57 /* XCTest.framework */ = {isa = PBXFileReference; lastKnownFileType = wrapper.framework; name = XCTest.framework; path = Library/Frameworks/XCTest.framework; sourceTree = DEVELOPER_DIR; };
		907A616C18F1581D00273A57 /* MichalSmialkoTests-Info.plist */ = {isa = PBXFileReference; lastKnownFileType = text.plist.xml; path = "MichalSmialkoTests-Info.plist"; sourceTree = "<group>"; };
		907A616E18F1581D00273A57 /* en */ = {isa = PBXFileReference; lastKnownFileType = text.plist.strings; name = en; path = en.lproj/InfoPlist.strings; sourceTree = "<group>"; };
		907A617018F1581D00273A57 /* MichalSmialkoTests.m */ = {isa = PBXFileReference; lastKnownFileType = sourcecode.c.objc; path = MichalSmialkoTests.m; sourceTree = "<group>"; };
		907A617A18F1586B00273A57 /* MMSStyleSheet.h */ = {isa = PBXFileReference; fileEncoding = 4; lastKnownFileType = sourcecode.c.h; name = MMSStyleSheet.h; path = Classes/MMSStyleSheet.h; sourceTree = "<group>"; };
		907A617B18F1586B00273A57 /* MMSStyleSheet.m */ = {isa = PBXFileReference; fileEncoding = 4; lastKnownFileType = sourcecode.c.objc; name = MMSStyleSheet.m; path = Classes/MMSStyleSheet.m; sourceTree = "<group>"; };
		907A617D18F1592300273A57 /* MMSHelloView.h */ = {isa = PBXFileReference; fileEncoding = 4; lastKnownFileType = sourcecode.c.h; name = MMSHelloView.h; path = Classes/Views/MMSHelloView.h; sourceTree = "<group>"; };
		907A617E18F1592300273A57 /* MMSHelloView.m */ = {isa = PBXFileReference; fileEncoding = 4; lastKnownFileType = sourcecode.c.objc; name = MMSHelloView.m; path = Classes/Views/MMSHelloView.m; sourceTree = "<group>"; };
		907A618118F166F300273A57 /* SpriteKit.framework */ = {isa = PBXFileReference; lastKnownFileType = wrapper.framework; name = SpriteKit.framework; path = System/Library/Frameworks/SpriteKit.framework; sourceTree = SDKROOT; };
		907A61CB18F1679900273A57 /* MMSKaratePandaScene.h */ = {isa = PBXFileReference; fileEncoding = 4; lastKnownFileType = sourcecode.c.h; name = MMSKaratePandaScene.h; path = Classes/Scenes/MMSKaratePandaScene.h; sourceTree = "<group>"; };
		907A61CC18F1679900273A57 /* MMSKaratePandaScene.m */ = {isa = PBXFileReference; fileEncoding = 4; lastKnownFileType = sourcecode.c.objc; name = MMSKaratePandaScene.m; path = Classes/Scenes/MMSKaratePandaScene.m; sourceTree = "<group>"; };
		907A61D118F1684200273A57 /* MMSKaratePandaVC.h */ = {isa = PBXFileReference; fileEncoding = 4; lastKnownFileType = sourcecode.c.h; name = MMSKaratePandaVC.h; path = Classes/Controllers/MMSKaratePandaVC.h; sourceTree = "<group>"; };
		907A61D218F1684200273A57 /* MMSKaratePandaVC.m */ = {isa = PBXFileReference; fileEncoding = 4; lastKnownFileType = sourcecode.c.objc; name = MMSKaratePandaVC.m; path = Classes/Controllers/MMSKaratePandaVC.m; sourceTree = "<group>"; };
		907A61D418F16A0B00273A57 /* MMSKaratePandaView.h */ = {isa = PBXFileReference; fileEncoding = 4; lastKnownFileType = sourcecode.c.h; name = MMSKaratePandaView.h; path = Classes/Views/MMSKaratePandaView.h; sourceTree = "<group>"; };
		907A61D518F16A0B00273A57 /* MMSKaratePandaView.m */ = {isa = PBXFileReference; fileEncoding = 4; lastKnownFileType = sourcecode.c.objc; name = MMSKaratePandaView.m; path = Classes/Views/MMSKaratePandaView.m; sourceTree = "<group>"; };
		907A61E618F1930400273A57 /* MMSHeroNode.h */ = {isa = PBXFileReference; fileEncoding = 4; lastKnownFileType = sourcecode.c.h; name = MMSHeroNode.h; path = Classes/KaratePanda/MMSHeroNode.h; sourceTree = "<group>"; };
		907A61E718F1930400273A57 /* MMSHeroNode.m */ = {isa = PBXFileReference; fileEncoding = 4; lastKnownFileType = sourcecode.c.objc; name = MMSHeroNode.m; path = Classes/KaratePanda/MMSHeroNode.m; sourceTree = "<group>"; };
		907A61EA18F1B59600273A57 /* MMSBonusNode.h */ = {isa = PBXFileReference; fileEncoding = 4; lastKnownFileType = sourcecode.c.h; name = MMSBonusNode.h; path = Classes/KaratePanda/MMSBonusNode.h; sourceTree = "<group>"; };
		907A61EB18F1B59600273A57 /* MMSBonusNode.m */ = {isa = PBXFileReference; fileEncoding = 4; lastKnownFileType = sourcecode.c.objc; name = MMSBonusNode.m; path = Classes/KaratePanda/MMSBonusNode.m; sourceTree = "<group>"; };
		907A61ED18F1B65000273A57 /* MMSKeys.h */ = {isa = PBXFileReference; fileEncoding = 4; lastKnownFileType = sourcecode.c.h; name = MMSKeys.h; path = Classes/KaratePanda/MMSKeys.h; sourceTree = "<group>"; };
		907A61EE18F1B65000273A57 /* MMSKeys.m */ = {isa = PBXFileReference; fileEncoding = 4; lastKnownFileType = sourcecode.c.objc; name = MMSKeys.m; path = Classes/KaratePanda/MMSKeys.m; sourceTree = "<group>"; };
		907A61F018F1B6ED00273A57 /* MMSPath.h */ = {isa = PBXFileReference; fileEncoding = 4; lastKnownFileType = sourcecode.c.h; name = MMSPath.h; path = Classes/KaratePanda/MMSPath.h; sourceTree = "<group>"; };
		907A61F118F1B6ED00273A57 /* MMSPath.m */ = {isa = PBXFileReference; fileEncoding = 4; lastKnownFileType = sourcecode.c.objc; name = MMSPath.m; path = Classes/KaratePanda/MMSPath.m; sourceTree = "<group>"; };
		90B208AE18FABE4B0097D866 /* bgblur.jpg */ = {isa = PBXFileReference; lastKnownFileType = image.jpeg; name = bgblur.jpg; path = Resources/bgblur.jpg; sourceTree = "<group>"; };
		90B208B318FAD2A90097D866 /* UIImage+Utils.h */ = {isa = PBXFileReference; fileEncoding = 4; lastKnownFileType = sourcecode.c.h; name = "UIImage+Utils.h"; path = "Classes/Utils/UIImage+Utils.h"; sourceTree = "<group>"; };
		90B208B418FAD2A90097D866 /* UIImage+Utils.m */ = {isa = PBXFileReference; fileEncoding = 4; lastKnownFileType = sourcecode.c.objc; name = "UIImage+Utils.m"; path = "Classes/Utils/UIImage+Utils.m"; sourceTree = "<group>"; };
		90B208B618FAD9750097D866 /* mask@2x.png */ = {isa = PBXFileReference; lastKnownFileType = image.png; name = "mask@2x.png"; path = "Resources/mask@2x.png"; sourceTree = "<group>"; };
		90B208B818FAED9B0097D866 /* back@2x.png */ = {isa = PBXFileReference; lastKnownFileType = image.png; name = "back@2x.png"; path = "Resources/back@2x.png"; sourceTree = "<group>"; };
		90B208BA18FB33C30097D866 /* agh.jpg */ = {isa = PBXFileReference; lastKnownFileType = image.jpeg; name = agh.jpg; path = Resources/agh.jpg; sourceTree = "<group>"; };
		90B208BC18FB34FB0097D866 /* nyc.jpg */ = {isa = PBXFileReference; lastKnownFileType = image.jpeg; name = nyc.jpg; path = Resources/nyc.jpg; sourceTree = "<group>"; };
		90B208BE18FB37470097D866 /* basek.png */ = {isa = PBXFileReference; lastKnownFileType = image.png; name = basek.png; path = Resources/basek.png; sourceTree = "<group>"; };
		90B208C018FB39630097D866 /* coffe.jpg */ = {isa = PBXFileReference; lastKnownFileType = image.jpeg; name = coffe.jpg; path = Resources/coffe.jpg; sourceTree = "<group>"; };
		90C53B0D18F2C6F900E09CC6 /* MMSTestViewController.h */ = {isa = PBXFileReference; fileEncoding = 4; lastKnownFileType = sourcecode.c.h; name = MMSTestViewController.h; path = Classes/Controllers/MMSTestViewController.h; sourceTree = "<group>"; };
		90C53B0E18F2C6F900E09CC6 /* MMSTestViewController.m */ = {isa = PBXFileReference; fileEncoding = 4; lastKnownFileType = sourcecode.c.objc; name = MMSTestViewController.m; path = Classes/Controllers/MMSTestViewController.m; sourceTree = "<group>"; };
		90C53B1018F2C71800E09CC6 /* MMSStackView.h */ = {isa = PBXFileReference; fileEncoding = 4; lastKnownFileType = sourcecode.c.h; name = MMSStackView.h; path = Classes/Views/MMSStackView.h; sourceTree = "<group>"; };
		90C53B1118F2C71800E09CC6 /* MMSStackView.m */ = {isa = PBXFileReference; fileEncoding = 4; lastKnownFileType = sourcecode.c.objc; name = MMSStackView.m; path = Classes/Views/MMSStackView.m; sourceTree = "<group>"; };
		90C53B1318F2CE2800E09CC6 /* NSArray+Utils.h */ = {isa = PBXFileReference; fileEncoding = 4; lastKnownFileType = sourcecode.c.h; name = "NSArray+Utils.h"; path = "Classes/Utils/NSArray+Utils.h"; sourceTree = "<group>"; };
		90C53B1418F2CE2800E09CC6 /* NSArray+Utils.m */ = {isa = PBXFileReference; fileEncoding = 4; lastKnownFileType = sourcecode.c.objc; name = "NSArray+Utils.m"; path = "Classes/Utils/NSArray+Utils.m"; sourceTree = "<group>"; };
		90CE964718FBD9B000AB4D57 /* MMSKaratePandaView.xib */ = {isa = PBXFileReference; fileEncoding = 4; lastKnownFileType = file.xib; name = MMSKaratePandaView.xib; path = Classes/Views/MMSKaratePandaView.xib; sourceTree = "<group>"; };
		90CE964918FBDBAF00AB4D57 /* KaratePandaTrailer.mp4 */ = {isa = PBXFileReference; lastKnownFileType = file; name = KaratePandaTrailer.mp4; path = Resources/KaratePanda/KaratePandaTrailer.mp4; sourceTree = "<group>"; };
		90CE964A18FBDBAF00AB4D57 /* panda1@2x.jpg */ = {isa = PBXFileReference; lastKnownFileType = image.jpeg; name = "panda1@2x.jpg"; path = "Resources/KaratePanda/panda1@2x.jpg"; sourceTree = "<group>"; };
		90CE964B18FBDBAF00AB4D57 /* panda2@2x.jpg */ = {isa = PBXFileReference; lastKnownFileType = image.jpeg; name = "panda2@2x.jpg"; path = "Resources/KaratePanda/panda2@2x.jpg"; sourceTree = "<group>"; };
		90CE964C18FBDBAF00AB4D57 /* panda3@2x.jpg */ = {isa = PBXFileReference; lastKnownFileType = image.jpeg; name = "panda3@2x.jpg"; path = "Resources/KaratePanda/panda3@2x.jpg"; sourceTree = "<group>"; };
		90CE964D18FBDBAF00AB4D57 /* panda4.png */ = {isa = PBXFileReference; lastKnownFileType = image.png; name = panda4.png; path = Resources/KaratePanda/panda4.png; sourceTree = "<group>"; };
		90CE965318FBE5C600AB4D57 /* dare1@2x.png */ = {isa = PBXFileReference; lastKnownFileType = image.png; name = "dare1@2x.png"; path = "Resources/Hackathons/dare1@2x.png"; sourceTree = "<group>"; };
		90CE965418FBE5C600AB4D57 /* dare2@2x.png */ = {isa = PBXFileReference; lastKnownFileType = image.png; name = "dare2@2x.png"; path = "Resources/Hackathons/dare2@2x.png"; sourceTree = "<group>"; };
		90CE965518FBE5C600AB4D57 /* sched1@2x.png */ = {isa = PBXFileReference; lastKnownFileType = image.png; name = "sched1@2x.png"; path = "Resources/Hackathons/sched1@2x.png"; sourceTree = "<group>"; };
		90CE965918FBE64F00AB4D57 /* sched2@2x.png */ = {isa = PBXFileReference; lastKnownFileType = image.png; name = "sched2@2x.png"; path = "Resources/Hackathons/sched2@2x.png"; sourceTree = "<group>"; };
		90CE965B18FBF07700AB4D57 /* next@2x.png */ = {isa = PBXFileReference; lastKnownFileType = image.png; name = "next@2x.png"; path = "Resources/next@2x.png"; sourceTree = "<group>"; };
		90CE965C18FBF07700AB4D57 /* previous@2x.png */ = {isa = PBXFileReference; lastKnownFileType = image.png; name = "previous@2x.png"; path = "Resources/previous@2x.png"; sourceTree = "<group>"; };
		90CE965F18FC01FA00AB4D57 /* farmvid.mp4 */ = {isa = PBXFileReference; lastKnownFileType = file; name = farmvid.mp4; path = Resources/Farm2/farmvid.mp4; sourceTree = "<group>"; };
		90CE966118FC080A00AB4D57 /* ping.aifc */ = {isa = PBXFileReference; lastKnownFileType = file; name = ping.aifc; path = Resources/Sounds/ping.aifc; sourceTree = "<group>"; };
		90CE966318FC086A00AB4D57 /* AVFoundation.framework */ = {isa = PBXFileReference; lastKnownFileType = wrapper.framework; name = AVFoundation.framework; path = System/Library/Frameworks/AVFoundation.framework; sourceTree = SDKROOT; };
		90F8E6A218F6B9FF00797B83 /* MMSUSHackathonView.h */ = {isa = PBXFileReference; fileEncoding = 4; lastKnownFileType = sourcecode.c.h; name = MMSUSHackathonView.h; path = Classes/Views/MMSUSHackathonView.h; sourceTree = "<group>"; };
		90F8E6A318F6B9FF00797B83 /* MMSUSHackathonView.m */ = {isa = PBXFileReference; fileEncoding = 4; lastKnownFileType = sourcecode.c.objc; name = MMSUSHackathonView.m; path = Classes/Views/MMSUSHackathonView.m; sourceTree = "<group>"; };
		90F8E6A518F6BB5200797B83 /* hacktechLogo@2x.png */ = {isa = PBXFileReference; lastKnownFileType = image.png; name = "hacktechLogo@2x.png"; path = "Resources/Hackathons/hacktechLogo@2x.png"; sourceTree = "<group>"; };
		90F8E6A618F6BB5200797B83 /* mhacksLogo@2x.png */ = {isa = PBXFileReference; lastKnownFileType = image.png; name = "mhacksLogo@2x.png"; path = "Resources/Hackathons/mhacksLogo@2x.png"; sourceTree = "<group>"; };
		90F8E6AA18F6C1F400797B83 /* MMSLearnTeachVC.h */ = {isa = PBXFileReference; fileEncoding = 4; lastKnownFileType = sourcecode.c.h; name = MMSLearnTeachVC.h; path = Classes/Controllers/MMSLearnTeachVC.h; sourceTree = "<group>"; };
		90F8E6AB18F6C1F400797B83 /* MMSLearnTeachVC.m */ = {isa = PBXFileReference; fileEncoding = 4; lastKnownFileType = sourcecode.c.objc; name = MMSLearnTeachVC.m; path = Classes/Controllers/MMSLearnTeachVC.m; sourceTree = "<group>"; };
		90F8E6AD18F6CEDF00797B83 /* MDMatrix.h */ = {isa = PBXFileReference; fileEncoding = 4; lastKnownFileType = sourcecode.c.h; name = MDMatrix.h; path = extern/MDScratchImageView/MDMatrix.h; sourceTree = "<group>"; };
		90F8E6AE18F6CEDF00797B83 /* MDMatrix.m */ = {isa = PBXFileReference; fileEncoding = 4; lastKnownFileType = sourcecode.c.objc; name = MDMatrix.m; path = extern/MDScratchImageView/MDMatrix.m; sourceTree = "<group>"; };
		90F8E6AF18F6CEDF00797B83 /* MDScratchImageView.h */ = {isa = PBXFileReference; fileEncoding = 4; lastKnownFileType = sourcecode.c.h; name = MDScratchImageView.h; path = extern/MDScratchImageView/MDScratchImageView.h; sourceTree = "<group>"; };
		90F8E6B018F6CEDF00797B83 /* MDScratchImageView.mm */ = {isa = PBXFileReference; fileEncoding = 4; lastKnownFileType = sourcecode.cpp.objcpp; name = MDScratchImageView.mm; path = extern/MDScratchImageView/MDScratchImageView.mm; sourceTree = "<group>"; };
		90F8E6B518F6CF5900797B83 /* MMSCocoaHeadsView.h */ = {isa = PBXFileReference; fileEncoding = 4; lastKnownFileType = sourcecode.c.h; name = MMSCocoaHeadsView.h; path = Classes/Views/MMSCocoaHeadsView.h; sourceTree = "<group>"; };
		90F8E6B618F6CF5900797B83 /* MMSCocoaHeadsView.m */ = {isa = PBXFileReference; fileEncoding = 4; lastKnownFileType = sourcecode.c.objc; name = MMSCocoaHeadsView.m; path = Classes/Views/MMSCocoaHeadsView.m; sourceTree = "<group>"; };
		90F8E6B818F6D9D300797B83 /* chBg@2x.jpeg */ = {isa = PBXFileReference; lastKnownFileType = image.jpeg; name = "chBg@2x.jpeg"; path = "Resources/CH/chBg@2x.jpeg"; sourceTree = "<group>"; };
		90F8E6BB18F6DB4B00797B83 /* chLogo@2x.png */ = {isa = PBXFileReference; lastKnownFileType = image.png; name = "chLogo@2x.png"; path = "Resources/CH/chLogo@2x.png"; sourceTree = "<group>"; };
		90F8E6BD18F6DE1200797B83 /* UIImage+ImageEffects.h */ = {isa = PBXFileReference; fileEncoding = 4; lastKnownFileType = sourcecode.c.h; name = "UIImage+ImageEffects.h"; path = "extern/ImageEffects/UIImage+ImageEffects.h"; sourceTree = "<group>"; };
		90F8E6BE18F6DE1200797B83 /* UIImage+ImageEffects.m */ = {isa = PBXFileReference; fileEncoding = 4; lastKnownFileType = sourcecode.c.objc; name = "UIImage+ImageEffects.m"; path = "extern/ImageEffects/UIImage+ImageEffects.m"; sourceTree = "<group>"; };
		90F8E6C118F6DE8200797B83 /* UIView+Effects.h */ = {isa = PBXFileReference; fileEncoding = 4; lastKnownFileType = sourcecode.c.h; name = "UIView+Effects.h"; path = "Classes/Utils/UIView+Effects.h"; sourceTree = "<group>"; };
		90F8E6C218F6DE8200797B83 /* UIView+Effects.m */ = {isa = PBXFileReference; fileEncoding = 4; lastKnownFileType = sourcecode.c.objc; name = "UIView+Effects.m"; path = "Classes/Utils/UIView+Effects.m"; sourceTree = "<group>"; };
		90F8E6C418F812C100797B83 /* ch1.jpeg */ = {isa = PBXFileReference; lastKnownFileType = image.jpeg; name = ch1.jpeg; path = Resources/CH/ch1.jpeg; sourceTree = "<group>"; };
		90F8E6C518F812C100797B83 /* ch2.jpeg */ = {isa = PBXFileReference; lastKnownFileType = image.jpeg; name = ch2.jpeg; path = Resources/CH/ch2.jpeg; sourceTree = "<group>"; };
		90F8E6C618F812C100797B83 /* ch3.jpeg */ = {isa = PBXFileReference; lastKnownFileType = image.jpeg; name = ch3.jpeg; path = Resources/CH/ch3.jpeg; sourceTree = "<group>"; };
		90F8E6C718F812C100797B83 /* ch4.jpeg */ = {isa = PBXFileReference; lastKnownFileType = image.jpeg; name = ch4.jpeg; path = Resources/CH/ch4.jpeg; sourceTree = "<group>"; };
		90F8E6C818F812C100797B83 /* ch5.jpeg */ = {isa = PBXFileReference; lastKnownFileType = image.jpeg; name = ch5.jpeg; path = Resources/CH/ch5.jpeg; sourceTree = "<group>"; };
		90F8E6CE18F817C200797B83 /* MMSLearnTeachView.h */ = {isa = PBXFileReference; fileEncoding = 4; lastKnownFileType = sourcecode.c.h; name = MMSLearnTeachView.h; path = Classes/Views/MMSLearnTeachView.h; sourceTree = "<group>"; };
		90F8E6CF18F817C200797B83 /* MMSLearnTeachView.m */ = {isa = PBXFileReference; fileEncoding = 4; lastKnownFileType = sourcecode.c.objc; name = MMSLearnTeachView.m; path = Classes/Views/MMSLearnTeachView.m; sourceTree = "<group>"; };
		90F8E6D118F818E900797B83 /* MMSEventsView.h */ = {isa = PBXFileReference; fileEncoding = 4; lastKnownFileType = sourcecode.c.h; name = MMSEventsView.h; path = Classes/Views/MMSEventsView.h; sourceTree = "<group>"; };
		90F8E6D218F818E900797B83 /* MMSEventsView.m */ = {isa = PBXFileReference; fileEncoding = 4; lastKnownFileType = sourcecode.c.objc; name = MMSEventsView.m; path = Classes/Views/MMSEventsView.m; sourceTree = "<group>"; };
/* End PBXFileReference section */

/* Begin PBXFrameworksBuildPhase section */
		907A613F18F1581C00273A57 /* Frameworks */ = {
			isa = PBXFrameworksBuildPhase;
			buildActionMask = 2147483647;
			files = (
				90CE966418FC086A00AB4D57 /* AVFoundation.framework in Frameworks */,
				901BDD1C18F582DD00723187 /* QuartzCore.framework in Frameworks */,
				901BDD1A18F5829F00723187 /* MediaPlayer.framework in Frameworks */,
				907A618218F166F300273A57 /* SpriteKit.framework in Frameworks */,
				907A614818F1581C00273A57 /* CoreGraphics.framework in Frameworks */,
				903614AD18FA061E00213C3F /* MapKit.framework in Frameworks */,
				907A614A18F1581C00273A57 /* UIKit.framework in Frameworks */,
				907A614618F1581C00273A57 /* Foundation.framework in Frameworks */,
			);
			runOnlyForDeploymentPostprocessing = 0;
		};
		907A616018F1581C00273A57 /* Frameworks */ = {
			isa = PBXFrameworksBuildPhase;
			buildActionMask = 2147483647;
			files = (
				907A616518F1581C00273A57 /* XCTest.framework in Frameworks */,
				907A616718F1581D00273A57 /* UIKit.framework in Frameworks */,
				907A616618F1581D00273A57 /* Foundation.framework in Frameworks */,
			);
			runOnlyForDeploymentPostprocessing = 0;
		};
/* End PBXFrameworksBuildPhase section */

/* Begin PBXGroup section */
		901379C918F5E2DE00B7434C /* KrakJam */ = {
			isa = PBXGroup;
			children = (
				9028214B18F6A16200FD9A26 /* ggj@2x.png */,
				901379C518F5E2D900B7434C /* krakjam@2x.png */,
			);
			name = KrakJam;
			sourceTree = "<group>";
		};
		901379CC18F5E2FD00B7434C /* SmartTaps */ = {
			isa = PBXGroup;
			children = (
				9036149A18F9AF8900213C3F /* smart1@2x.png */,
				901379CA18F5E2F900B7434C /* SmartCatchPromo.m4v */,
			);
			name = SmartTaps;
			sourceTree = "<group>";
		};
		901BDD0B18F56D5200723187 /* extern */ = {
			isa = PBXGroup;
			children = (
				90F8E6C018F6DE1600797B83 /* ImageEffects */,
				90F8E6B318F6CEE500797B83 /* ScratchImageView */,
				90F8E6B418F6CEF300797B83 /* TimerBlocks */,
			);
			name = extern;
			sourceTree = "<group>";
		};
		901BDD2118F5968A00723187 /* AGHacks */ = {
			isa = PBXGroup;
			children = (
				901BDD1F18F5968600723187 /* AGHacksLogo@2x.png */,
			);
			name = AGHacks;
			sourceTree = "<group>";
		};
		9036147218F8234C00213C3F /* Events */ = {
			isa = PBXGroup;
			children = (
				9036147B18F936CF00213C3F /* wwdc1.jpg */,
				9036147C18F936CF00213C3F /* wwdc2.jpg */,
				9036147318F8236500213C3F /* cc1.jpg */,
				9036147418F8236500213C3F /* cc2.jpg */,
				9036147518F8236500213C3F /* cc3.jpg */,
			);
			name = Events;
			sourceTree = "<group>";
		};
		9036149218F981D400213C3F /* Farm */ = {
			isa = PBXGroup;
			children = (
				90CE965F18FC01FA00AB4D57 /* farmvid.mp4 */,
				9036148E18F981CE00213C3F /* farm1@2x.png */,
				9036148F18F981CE00213C3F /* farm2@2x.png */,
			);
			name = Farm;
			sourceTree = "<group>";
		};
		9067AA7E18FBD654001F7E74 /* Burglars */ = {
			isa = PBXGroup;
			children = (
				9067AA7A18FBD64F001F7E74 /* burglars-1@2x.png */,
				9067AA7B18FBD64F001F7E74 /* burglars-2@2x.png */,
			);
			name = Burglars;
			sourceTree = "<group>";
		};
		907A613918F1581C00273A57 = {
			isa = PBXGroup;
			children = (
				907A614B18F1581C00273A57 /* MichalSmialko */,
				907A616A18F1581D00273A57 /* MichalSmialkoTests */,
				907A614418F1581C00273A57 /* Frameworks */,
				907A614318F1581C00273A57 /* Products */,
			);
			sourceTree = "<group>";
		};
		907A614318F1581C00273A57 /* Products */ = {
			isa = PBXGroup;
			children = (
				907A614218F1581C00273A57 /* MichalSmialko.app */,
				907A616318F1581C00273A57 /* MichalSmialkoTests.xctest */,
			);
			name = Products;
			sourceTree = "<group>";
		};
		907A614418F1581C00273A57 /* Frameworks */ = {
			isa = PBXGroup;
			children = (
				90CE966318FC086A00AB4D57 /* AVFoundation.framework */,
				903614AC18FA061E00213C3F /* MapKit.framework */,
				901BDD1B18F582DD00723187 /* QuartzCore.framework */,
				901BDD1918F5829F00723187 /* MediaPlayer.framework */,
				907A618118F166F300273A57 /* SpriteKit.framework */,
				907A614518F1581C00273A57 /* Foundation.framework */,
				907A614718F1581C00273A57 /* CoreGraphics.framework */,
				907A614918F1581C00273A57 /* UIKit.framework */,
				907A616418F1581C00273A57 /* XCTest.framework */,
			);
			name = Frameworks;
			sourceTree = "<group>";
		};
		907A614B18F1581C00273A57 /* MichalSmialko */ = {
			isa = PBXGroup;
			children = (
				901BDD0B18F56D5200723187 /* extern */,
				907A615418F1581C00273A57 /* MMSAppDelegate.h */,
				907A615518F1581C00273A57 /* MMSAppDelegate.m */,
				907A615718F1581C00273A57 /* Main.storyboard */,
				90C53B1318F2CE2800E09CC6 /* NSArray+Utils.h */,
				90C53B1418F2CE2800E09CC6 /* NSArray+Utils.m */,
				907A61D018F1682600273A57 /* Controllers */,
				907A61CE18F1679D00273A57 /* Scenes */,
				907A617A18F1586B00273A57 /* MMSStyleSheet.h */,
				907A617B18F1586B00273A57 /* MMSStyleSheet.m */,
				907A618018F1592600273A57 /* Views */,
				907A61E918F1931100273A57 /* KaratePanda */,
				90B208B218FAD2930097D866 /* Utils */,
				907A615D18F1581C00273A57 /* Images.xcassets */,
				907A614C18F1581C00273A57 /* Supporting Files */,
			);
			path = MichalSmialko;
			sourceTree = "<group>";
		};
		907A614C18F1581C00273A57 /* Supporting Files */ = {
			isa = PBXGroup;
			children = (
				907A61D918F1729D00273A57 /* Resources */,
				907A614D18F1581C00273A57 /* MichalSmialko-Info.plist */,
				907A614E18F1581C00273A57 /* InfoPlist.strings */,
				907A615118F1581C00273A57 /* main.m */,
				907A615318F1581C00273A57 /* MichalSmialko-Prefix.pch */,
			);
			name = "Supporting Files";
			sourceTree = "<group>";
		};
		907A616A18F1581D00273A57 /* MichalSmialkoTests */ = {
			isa = PBXGroup;
			children = (
				907A617018F1581D00273A57 /* MichalSmialkoTests.m */,
				907A616B18F1581D00273A57 /* Supporting Files */,
			);
			path = MichalSmialkoTests;
			sourceTree = "<group>";
		};
		907A616B18F1581D00273A57 /* Supporting Files */ = {
			isa = PBXGroup;
			children = (
				907A616C18F1581D00273A57 /* MichalSmialkoTests-Info.plist */,
				907A616D18F1581D00273A57 /* InfoPlist.strings */,
			);
			name = "Supporting Files";
			sourceTree = "<group>";
		};
		907A618018F1592600273A57 /* Views */ = {
			isa = PBXGroup;
			children = (
				90F8E6B518F6CF5900797B83 /* MMSCocoaHeadsView.h */,
				90F8E6B618F6CF5900797B83 /* MMSCocoaHeadsView.m */,
				907A617D18F1592300273A57 /* MMSHelloView.h */,
				907A617E18F1592300273A57 /* MMSHelloView.m */,
				907A61D418F16A0B00273A57 /* MMSKaratePandaView.h */,
				907A61D518F16A0B00273A57 /* MMSKaratePandaView.m */,
				90CE964718FBD9B000AB4D57 /* MMSKaratePandaView.xib */,
				90C53B1018F2C71800E09CC6 /* MMSStackView.h */,
				90C53B1118F2C71800E09CC6 /* MMSStackView.m */,
				901BDD0518F4B85F00723187 /* MMSMenuView.h */,
				901BDD0618F4B85F00723187 /* MMSMenuView.m */,
				90F8E6CE18F817C200797B83 /* MMSLearnTeachView.h */,
				90F8E6CF18F817C200797B83 /* MMSLearnTeachView.m */,
				90F8E6D118F818E900797B83 /* MMSEventsView.h */,
				90F8E6D218F818E900797B83 /* MMSEventsView.m */,
				9036147918F9304400213C3F /* MMSEventsView.xib */,
				9036148518F9719600213C3F /* MMSCubeView.h */,
				9036148618F9719600213C3F /* MMSCubeView.m */,
				9036148818F9776000213C3F /* MMSCubesMenu.h */,
				9036148918F9776000213C3F /* MMSCubesMenu.m */,
				9036148B18F97D1900213C3F /* MMSFarmView.h */,
				9036148C18F97D1900213C3F /* MMSFarmView.m */,
				9036149318F9825600213C3F /* MMSFarmView.xib */,
				9036149518F9AE1700213C3F /* MMSSmartTapsView.h */,
				9036149618F9AE1700213C3F /* MMSSmartTapsView.m */,
				9036149818F9AE3000213C3F /* MMSSmartTapsView.xib */,
				903614A118F9B77B00213C3F /* MMSBurglarsNightView.h */,
				903614A218F9B77B00213C3F /* MMSBurglarsNightView.m */,
				903614A418F9B78C00213C3F /* MMSBurglarsNightView.xib */,
				903614A918FA048400213C3F /* MMSAboutMeView.h */,
				903614AA18FA048400213C3F /* MMSAboutMeView.m */,
				903614AE18FA065C00213C3F /* MMSPolandView.h */,
				903614AF18FA065C00213C3F /* MMSPolandView.m */,
				903614B118FA8EC400213C3F /* MMSPolandView.xib */,
				903614B318FA9B6200213C3F /* MMSCubeButton.h */,
				903614B418FA9B6200213C3F /* MMSCubeButton.m */,
				90F8E6A118F6B9C600797B83 /* Hackathons */,
			);
			name = Views;
			sourceTree = "<group>";
		};
		907A61CE18F1679D00273A57 /* Scenes */ = {
			isa = PBXGroup;
			children = (
				907A61CB18F1679900273A57 /* MMSKaratePandaScene.h */,
				907A61CC18F1679900273A57 /* MMSKaratePandaScene.m */,
			);
			name = Scenes;
			sourceTree = "<group>";
		};
		907A61D018F1682600273A57 /* Controllers */ = {
			isa = PBXGroup;
			children = (
				907A615A18F1581C00273A57 /* MMSHelloViewController.h */,
				907A615B18F1581C00273A57 /* MMSHelloViewController.m */,
				907A61D118F1684200273A57 /* MMSKaratePandaVC.h */,
				907A61D218F1684200273A57 /* MMSKaratePandaVC.m */,
				901BDD0C18F5799A00723187 /* MMSHackathonsVC.h */,
				901BDD0D18F5799A00723187 /* MMSHackathonsVC.m */,
				90F8E6AA18F6C1F400797B83 /* MMSLearnTeachVC.h */,
				90F8E6AB18F6C1F400797B83 /* MMSLearnTeachVC.m */,
				90C53B0D18F2C6F900E09CC6 /* MMSTestViewController.h */,
				90C53B0E18F2C6F900E09CC6 /* MMSTestViewController.m */,
				901BDD0218F4B7FD00723187 /* MMSMenuVC.h */,
				901BDD0318F4B7FD00723187 /* MMSMenuVC.m */,
				9036148218F9677500213C3F /* MMSProjectsVC.h */,
				9036148318F9677500213C3F /* MMSProjectsVC.m */,
				903614A618F9D63200213C3F /* MMSAboutMeVC.h */,
				903614A718F9D63200213C3F /* MMSAboutMeVC.m */,
			);
			name = Controllers;
			sourceTree = "<group>";
		};
		907A61D918F1729D00273A57 /* Resources */ = {
			isa = PBXGroup;
			children = (
				90CE966118FC080A00AB4D57 /* ping.aifc */,
				90CE965B18FBF07700AB4D57 /* next@2x.png */,
				90CE965C18FBF07700AB4D57 /* previous@2x.png */,
				9067AA7E18FBD654001F7E74 /* Burglars */,
				90B208C018FB39630097D866 /* coffe.jpg */,
				90B208BE18FB37470097D866 /* basek.png */,
				90B208BC18FB34FB0097D866 /* nyc.jpg */,
				90B208BA18FB33C30097D866 /* agh.jpg */,
				90B208B818FAED9B0097D866 /* back@2x.png */,
				90B208B618FAD9750097D866 /* mask@2x.png */,
				90B208AE18FABE4B0097D866 /* bgblur.jpg */,
				9036149218F981D400213C3F /* Farm */,
				9036147218F8234C00213C3F /* Events */,
				90F8E6BA18F6D9D500797B83 /* CocoaHeads */,
				90F8E6A918F6BB5600797B83 /* Hackathons */,
				901379CC18F5E2FD00B7434C /* SmartTaps */,
				901379C918F5E2DE00B7434C /* KrakJam */,
				901BDD2118F5968A00723187 /* AGHacks */,
				901BDD1D18F5850A00723187 /* AGHacksPromo.mov */,
				907A61DA18F172A100273A57 /* KaratePanda */,
			);
			name = Resources;
			sourceTree = "<group>";
		};
		907A61DA18F172A100273A57 /* KaratePanda */ = {
			isa = PBXGroup;
			children = (
				90CE964918FBDBAF00AB4D57 /* KaratePandaTrailer.mp4 */,
				90CE964A18FBDBAF00AB4D57 /* panda1@2x.jpg */,
				90CE964B18FBDBAF00AB4D57 /* panda2@2x.jpg */,
				90CE964C18FBDBAF00AB4D57 /* panda3@2x.jpg */,
				90CE964D18FBDBAF00AB4D57 /* panda4.png */,
			);
			name = KaratePanda;
			sourceTree = "<group>";
		};
		907A61E918F1931100273A57 /* KaratePanda */ = {
			isa = PBXGroup;
			children = (
				907A61E618F1930400273A57 /* MMSHeroNode.h */,
				907A61E718F1930400273A57 /* MMSHeroNode.m */,
				907A61EA18F1B59600273A57 /* MMSBonusNode.h */,
				907A61EB18F1B59600273A57 /* MMSBonusNode.m */,
				907A61F018F1B6ED00273A57 /* MMSPath.h */,
				907A61F118F1B6ED00273A57 /* MMSPath.m */,
				907A61ED18F1B65000273A57 /* MMSKeys.h */,
				907A61EE18F1B65000273A57 /* MMSKeys.m */,
			);
			name = KaratePanda;
			sourceTree = "<group>";
		};
		90B208B218FAD2930097D866 /* Utils */ = {
			isa = PBXGroup;
			children = (
				90F8E6C118F6DE8200797B83 /* UIView+Effects.h */,
				90F8E6C218F6DE8200797B83 /* UIView+Effects.m */,
				90B208B318FAD2A90097D866 /* UIImage+Utils.h */,
				90B208B418FAD2A90097D866 /* UIImage+Utils.m */,
			);
			name = Utils;
			sourceTree = "<group>";
		};
		90F8E6A118F6B9C600797B83 /* Hackathons */ = {
			isa = PBXGroup;
			children = (
				901BDD0F18F579B700723187 /* MMSHackathonsView.h */,
				901BDD1018F579B700723187 /* MMSHackathonsView.m */,
				901BDD1218F57F8900723187 /* MMSAGHacksView.h */,
				901BDD1318F57F8900723187 /* MMSAGHacksView.m */,
				901BDD2218F59F9400723187 /* MMSAGHacksDetailsView.h */,
				901BDD2318F59F9400723187 /* MMSAGHacksDetailsView.m */,
				901379C218F5B9D700B7434C /* MMSKrakJamView.h */,
				901379C318F5B9D700B7434C /* MMSKrakJamView.m */,
				90F8E6A218F6B9FF00797B83 /* MMSUSHackathonView.h */,
				90F8E6A318F6B9FF00797B83 /* MMSUSHackathonView.m */,
			);
			name = Hackathons;
			sourceTree = "<group>";
		};
		90F8E6A918F6BB5600797B83 /* Hackathons */ = {
			isa = PBXGroup;
			children = (
				90CE965918FBE64F00AB4D57 /* sched2@2x.png */,
				90CE965318FBE5C600AB4D57 /* dare1@2x.png */,
				90CE965418FBE5C600AB4D57 /* dare2@2x.png */,
				90CE965518FBE5C600AB4D57 /* sched1@2x.png */,
				90F8E6A518F6BB5200797B83 /* hacktechLogo@2x.png */,
				90F8E6A618F6BB5200797B83 /* mhacksLogo@2x.png */,
			);
			name = Hackathons;
			sourceTree = "<group>";
		};
		90F8E6B318F6CEE500797B83 /* ScratchImageView */ = {
			isa = PBXGroup;
			children = (
				90F8E6AD18F6CEDF00797B83 /* MDMatrix.h */,
				90F8E6AE18F6CEDF00797B83 /* MDMatrix.m */,
				90F8E6AF18F6CEDF00797B83 /* MDScratchImageView.h */,
				90F8E6B018F6CEDF00797B83 /* MDScratchImageView.mm */,
			);
			name = ScratchImageView;
			sourceTree = "<group>";
		};
		90F8E6B418F6CEF300797B83 /* TimerBlocks */ = {
			isa = PBXGroup;
			children = (
				901BDD0818F56D4F00723187 /* NSTimer+Blocks.h */,
				901BDD0918F56D4F00723187 /* NSTimer+Blocks.m */,
			);
			name = TimerBlocks;
			sourceTree = "<group>";
		};
		90F8E6BA18F6D9D500797B83 /* CocoaHeads */ = {
			isa = PBXGroup;
			children = (
				90F8E6C418F812C100797B83 /* ch1.jpeg */,
				90F8E6C518F812C100797B83 /* ch2.jpeg */,
				90F8E6C618F812C100797B83 /* ch3.jpeg */,
				90F8E6C718F812C100797B83 /* ch4.jpeg */,
				90F8E6C818F812C100797B83 /* ch5.jpeg */,
				90F8E6BB18F6DB4B00797B83 /* chLogo@2x.png */,
				90F8E6B818F6D9D300797B83 /* chBg@2x.jpeg */,
			);
			name = CocoaHeads;
			sourceTree = "<group>";
		};
		90F8E6C018F6DE1600797B83 /* ImageEffects */ = {
			isa = PBXGroup;
			children = (
				90F8E6BD18F6DE1200797B83 /* UIImage+ImageEffects.h */,
				90F8E6BE18F6DE1200797B83 /* UIImage+ImageEffects.m */,
			);
			name = ImageEffects;
			sourceTree = "<group>";
		};
/* End PBXGroup section */

/* Begin PBXNativeTarget section */
		907A614118F1581C00273A57 /* MichalSmialko */ = {
			isa = PBXNativeTarget;
			buildConfigurationList = 907A617418F1581D00273A57 /* Build configuration list for PBXNativeTarget "MichalSmialko" */;
			buildPhases = (
				907A613E18F1581C00273A57 /* Sources */,
				907A613F18F1581C00273A57 /* Frameworks */,
				907A614018F1581C00273A57 /* Resources */,
			);
			buildRules = (
			);
			dependencies = (
			);
			name = MichalSmialko;
			productName = MichalSmialko;
			productReference = 907A614218F1581C00273A57 /* MichalSmialko.app */;
			productType = "com.apple.product-type.application";
		};
		907A616218F1581C00273A57 /* MichalSmialkoTests */ = {
			isa = PBXNativeTarget;
			buildConfigurationList = 907A617718F1581D00273A57 /* Build configuration list for PBXNativeTarget "MichalSmialkoTests" */;
			buildPhases = (
				907A615F18F1581C00273A57 /* Sources */,
				907A616018F1581C00273A57 /* Frameworks */,
				907A616118F1581C00273A57 /* Resources */,
			);
			buildRules = (
			);
			dependencies = (
				907A616918F1581D00273A57 /* PBXTargetDependency */,
			);
			name = MichalSmialkoTests;
			productName = MichalSmialkoTests;
			productReference = 907A616318F1581C00273A57 /* MichalSmialkoTests.xctest */;
			productType = "com.apple.product-type.bundle.unit-test";
		};
/* End PBXNativeTarget section */

/* Begin PBXProject section */
		907A613A18F1581C00273A57 /* Project object */ = {
			isa = PBXProject;
			attributes = {
				CLASSPREFIX = MMS;
				LastUpgradeCheck = 0510;
				ORGANIZATIONNAME = MMS;
				TargetAttributes = {
					907A614118F1581C00273A57 = {
						SystemCapabilities = {
							com.apple.iOS = {
								enabled = 1;
							};
						};
					};
					907A616218F1581C00273A57 = {
						TestTargetID = 907A614118F1581C00273A57;
					};
				};
			};
			buildConfigurationList = 907A613D18F1581C00273A57 /* Build configuration list for PBXProject "MichalSmialko" */;
			compatibilityVersion = "Xcode 3.2";
			developmentRegion = English;
			hasScannedForEncodings = 0;
			knownRegions = (
				en,
				Base,
			);
			mainGroup = 907A613918F1581C00273A57;
			productRefGroup = 907A614318F1581C00273A57 /* Products */;
			projectDirPath = "";
			projectRoot = "";
			targets = (
				907A614118F1581C00273A57 /* MichalSmialko */,
				907A616218F1581C00273A57 /* MichalSmialkoTests */,
			);
		};
/* End PBXProject section */

/* Begin PBXResourcesBuildPhase section */
		907A614018F1581C00273A57 /* Resources */ = {
			isa = PBXResourcesBuildPhase;
			buildActionMask = 2147483647;
			files = (
				9067AA7D18FBD64F001F7E74 /* burglars-2@2x.png in Resources */,
				90B208BD18FB34FB0097D866 /* nyc.jpg in Resources */,
				90F8E6A818F6BB5200797B83 /* mhacksLogo@2x.png in Resources */,
				901BDD1E18F5850A00723187 /* AGHacksPromo.mov in Resources */,
				90CE965818FBE5C600AB4D57 /* sched1@2x.png in Resources */,
				9036149B18F9AF8900213C3F /* smart1@2x.png in Resources */,
				901BDD2018F5968600723187 /* AGHacksLogo@2x.png in Resources */,
				90CE964818FBD9B000AB4D57 /* MMSKaratePandaView.xib in Resources */,
				9036147E18F936CF00213C3F /* wwdc2.jpg in Resources */,
				90F8E6CB18F812C100797B83 /* ch3.jpeg in Resources */,
				90F8E6CD18F812C100797B83 /* ch5.jpeg in Resources */,
				90CE964F18FBDBAF00AB4D57 /* panda1@2x.jpg in Resources */,
				901379CB18F5E2F900B7434C /* SmartCatchPromo.m4v in Resources */,
				90CE965E18FBF07700AB4D57 /* previous@2x.png in Resources */,
				90B208BB18FB33C30097D866 /* agh.jpg in Resources */,
				90CE965618FBE5C600AB4D57 /* dare1@2x.png in Resources */,
				90B208B718FAD9750097D866 /* mask@2x.png in Resources */,
				901379C718F5E2D900B7434C /* krakjam@2x.png in Resources */,
				90CE964E18FBDBAF00AB4D57 /* KaratePandaTrailer.mp4 in Resources */,
				90CE966018FC01FA00AB4D57 /* farmvid.mp4 in Resources */,
				903614B218FA8EC400213C3F /* MMSPolandView.xib in Resources */,
				90CE965A18FBE64F00AB4D57 /* sched2@2x.png in Resources */,
				90F8E6BC18F6DB4B00797B83 /* chLogo@2x.png in Resources */,
				903614A518F9B78C00213C3F /* MMSBurglarsNightView.xib in Resources */,
				907A615E18F1581C00273A57 /* Images.xcassets in Resources */,
				90CE965018FBDBAF00AB4D57 /* panda2@2x.jpg in Resources */,
				90B208BF18FB37470097D866 /* basek.png in Resources */,
				9036149018F981CE00213C3F /* farm1@2x.png in Resources */,
				9036149918F9AE3000213C3F /* MMSSmartTapsView.xib in Resources */,
				90B208C118FB39630097D866 /* coffe.jpg in Resources */,
				9036147718F8236500213C3F /* cc2.jpg in Resources */,
				90CE965D18FBF07700AB4D57 /* next@2x.png in Resources */,
				90B208B918FAED9B0097D866 /* back@2x.png in Resources */,
				90B208AF18FABE4B0097D866 /* bgblur.jpg in Resources */,
				9028214C18F6A16200FD9A26 /* ggj@2x.png in Resources */,
				90F8E6B918F6D9D300797B83 /* chBg@2x.jpeg in Resources */,
				907A615018F1581C00273A57 /* InfoPlist.strings in Resources */,
				90CE965218FBDBAF00AB4D57 /* panda4.png in Resources */,
				90CE965118FBDBAF00AB4D57 /* panda3@2x.jpg in Resources */,
				9067AA7C18FBD64F001F7E74 /* burglars-1@2x.png in Resources */,
				9036147818F8236500213C3F /* cc3.jpg in Resources */,
				9036147618F8236500213C3F /* cc1.jpg in Resources */,
				90F8E6A718F6BB5200797B83 /* hacktechLogo@2x.png in Resources */,
				90F8E6CC18F812C100797B83 /* ch4.jpeg in Resources */,
				90CE965718FBE5C600AB4D57 /* dare2@2x.png in Resources */,
				9036147D18F936CF00213C3F /* wwdc1.jpg in Resources */,
				907A615918F1581C00273A57 /* Main.storyboard in Resources */,
				9036149418F9825600213C3F /* MMSFarmView.xib in Resources */,
				9036149118F981CE00213C3F /* farm2@2x.png in Resources */,
				9036147A18F9304400213C3F /* MMSEventsView.xib in Resources */,
				90CE966218FC080A00AB4D57 /* ping.aifc in Resources */,
				90F8E6C918F812C100797B83 /* ch1.jpeg in Resources */,
				90F8E6CA18F812C100797B83 /* ch2.jpeg in Resources */,
			);
			runOnlyForDeploymentPostprocessing = 0;
		};
		907A616118F1581C00273A57 /* Resources */ = {
			isa = PBXResourcesBuildPhase;
			buildActionMask = 2147483647;
			files = (
				907A616F18F1581D00273A57 /* InfoPlist.strings in Resources */,
			);
			runOnlyForDeploymentPostprocessing = 0;
		};
/* End PBXResourcesBuildPhase section */

/* Begin PBXSourcesBuildPhase section */
		907A613E18F1581C00273A57 /* Sources */ = {
			isa = PBXSourcesBuildPhase;
			buildActionMask = 2147483647;
			files = (
				901BDD0E18F5799A00723187 /* MMSHackathonsVC.m in Sources */,
				903614AB18FA048400213C3F /* MMSAboutMeView.m in Sources */,
				907A61E818F1930400273A57 /* MMSHeroNode.m in Sources */,
				901BDD2418F59F9400723187 /* MMSAGHacksDetailsView.m in Sources */,
				901BDD0418F4B7FD00723187 /* MMSMenuVC.m in Sources */,
				90C53B0F18F2C6F900E09CC6 /* MMSTestViewController.m in Sources */,
				903614B518FA9B6200213C3F /* MMSCubeButton.m in Sources */,
				90B208B518FAD2A90097D866 /* UIImage+Utils.m in Sources */,
				90F8E6C318F6DE8200797B83 /* UIView+Effects.m in Sources */,
				90F8E6B118F6CEDF00797B83 /* MDMatrix.m in Sources */,
				901BDD0718F4B85F00723187 /* MMSMenuView.m in Sources */,
				903614A318F9B77B00213C3F /* MMSBurglarsNightView.m in Sources */,
				907A61EC18F1B59600273A57 /* MMSBonusNode.m in Sources */,
				90C53B1518F2CE2800E09CC6 /* NSArray+Utils.m in Sources */,
				9036148D18F97D1900213C3F /* MMSFarmView.m in Sources */,
				907A61EF18F1B65000273A57 /* MMSKeys.m in Sources */,
				901379C418F5B9D700B7434C /* MMSKrakJamView.m in Sources */,
				901BDD1418F57F8900723187 /* MMSAGHacksView.m in Sources */,
				907A615C18F1581C00273A57 /* MMSHelloViewController.m in Sources */,
				907A617C18F1586B00273A57 /* MMSStyleSheet.m in Sources */,
				90F8E6BF18F6DE1200797B83 /* UIImage+ImageEffects.m in Sources */,
				907A61D318F1684200273A57 /* MMSKaratePandaVC.m in Sources */,
				90C53B1218F2C71800E09CC6 /* MMSStackView.m in Sources */,
				903614A818F9D63200213C3F /* MMSAboutMeVC.m in Sources */,
				907A61D618F16A0B00273A57 /* MMSKaratePandaView.m in Sources */,
				9036148A18F9776000213C3F /* MMSCubesMenu.m in Sources */,
				901BDD0A18F56D4F00723187 /* NSTimer+Blocks.m in Sources */,
				9036148418F9677500213C3F /* MMSProjectsVC.m in Sources */,
				907A617F18F1592300273A57 /* MMSHelloView.m in Sources */,
				907A615618F1581C00273A57 /* MMSAppDelegate.m in Sources */,
				9036148718F9719600213C3F /* MMSCubeView.m in Sources */,
				90F8E6B218F6CEDF00797B83 /* MDScratchImageView.mm in Sources */,
				90F8E6D018F817C200797B83 /* MMSLearnTeachView.m in Sources */,
				907A615218F1581C00273A57 /* main.m in Sources */,
				907A61F218F1B6ED00273A57 /* MMSPath.m in Sources */,
				90F8E6A418F6B9FF00797B83 /* MMSUSHackathonView.m in Sources */,
				90F8E6D318F818E900797B83 /* MMSEventsView.m in Sources */,
				90F8E6B718F6CF5900797B83 /* MMSCocoaHeadsView.m in Sources */,
				901BDD1118F579B700723187 /* MMSHackathonsView.m in Sources */,
				903614B018FA065C00213C3F /* MMSPolandView.m in Sources */,
				907A61CD18F1679900273A57 /* MMSKaratePandaScene.m in Sources */,
				90F8E6AC18F6C1F400797B83 /* MMSLearnTeachVC.m in Sources */,
				9036149718F9AE1700213C3F /* MMSSmartTapsView.m in Sources */,
			);
			runOnlyForDeploymentPostprocessing = 0;
		};
		907A615F18F1581C00273A57 /* Sources */ = {
			isa = PBXSourcesBuildPhase;
			buildActionMask = 2147483647;
			files = (
				907A617118F1581D00273A57 /* MichalSmialkoTests.m in Sources */,
			);
			runOnlyForDeploymentPostprocessing = 0;
		};
/* End PBXSourcesBuildPhase section */

/* Begin PBXTargetDependency section */
		907A616918F1581D00273A57 /* PBXTargetDependency */ = {
			isa = PBXTargetDependency;
			target = 907A614118F1581C00273A57 /* MichalSmialko */;
			targetProxy = 907A616818F1581D00273A57 /* PBXContainerItemProxy */;
		};
/* End PBXTargetDependency section */

/* Begin PBXVariantGroup section */
		907A614E18F1581C00273A57 /* InfoPlist.strings */ = {
			isa = PBXVariantGroup;
			children = (
				907A614F18F1581C00273A57 /* en */,
			);
			name = InfoPlist.strings;
			sourceTree = "<group>";
		};
		907A615718F1581C00273A57 /* Main.storyboard */ = {
			isa = PBXVariantGroup;
			children = (
				907A615818F1581C00273A57 /* Base */,
			);
			name = Main.storyboard;
			sourceTree = "<group>";
		};
		907A616D18F1581D00273A57 /* InfoPlist.strings */ = {
			isa = PBXVariantGroup;
			children = (
				907A616E18F1581D00273A57 /* en */,
			);
			name = InfoPlist.strings;
			sourceTree = "<group>";
		};
/* End PBXVariantGroup section */

/* Begin XCBuildConfiguration section */
		907A617218F1581D00273A57 /* Debug */ = {
			isa = XCBuildConfiguration;
			buildSettings = {
				ALWAYS_SEARCH_USER_PATHS = NO;
				CLANG_CXX_LANGUAGE_STANDARD = "gnu++0x";
				CLANG_CXX_LIBRARY = "libc++";
				CLANG_ENABLE_MODULES = YES;
				CLANG_ENABLE_OBJC_ARC = YES;
				CLANG_WARN_BOOL_CONVERSION = YES;
				CLANG_WARN_CONSTANT_CONVERSION = YES;
				CLANG_WARN_DIRECT_OBJC_ISA_USAGE = YES_ERROR;
				CLANG_WARN_EMPTY_BODY = YES;
				CLANG_WARN_ENUM_CONVERSION = YES;
				CLANG_WARN_INT_CONVERSION = YES;
				CLANG_WARN_OBJC_ROOT_CLASS = YES_ERROR;
				CLANG_WARN__DUPLICATE_METHOD_MATCH = YES;
				"CODE_SIGN_IDENTITY[sdk=iphoneos*]" = "iPhone Developer";
				COPY_PHASE_STRIP = NO;
				GCC_C_LANGUAGE_STANDARD = gnu99;
				GCC_DYNAMIC_NO_PIC = NO;
				GCC_OPTIMIZATION_LEVEL = 0;
				GCC_PREPROCESSOR_DEFINITIONS = (
					"DEBUG=1",
					"$(inherited)",
				);
				GCC_SYMBOLS_PRIVATE_EXTERN = NO;
				GCC_WARN_64_TO_32_BIT_CONVERSION = YES;
				GCC_WARN_ABOUT_RETURN_TYPE = YES_ERROR;
				GCC_WARN_UNDECLARED_SELECTOR = YES;
				GCC_WARN_UNINITIALIZED_AUTOS = YES_AGGRESSIVE;
				GCC_WARN_UNUSED_FUNCTION = YES;
				GCC_WARN_UNUSED_VARIABLE = YES;
				IPHONEOS_DEPLOYMENT_TARGET = 7.0;
				ONLY_ACTIVE_ARCH = YES;
				SDKROOT = iphoneos;
				TARGETED_DEVICE_FAMILY = 2;
			};
			name = Debug;
		};
		907A617318F1581D00273A57 /* Release */ = {
			isa = XCBuildConfiguration;
			buildSettings = {
				ALWAYS_SEARCH_USER_PATHS = NO;
				CLANG_CXX_LANGUAGE_STANDARD = "gnu++0x";
				CLANG_CXX_LIBRARY = "libc++";
				CLANG_ENABLE_MODULES = YES;
				CLANG_ENABLE_OBJC_ARC = YES;
				CLANG_WARN_BOOL_CONVERSION = YES;
				CLANG_WARN_CONSTANT_CONVERSION = YES;
				CLANG_WARN_DIRECT_OBJC_ISA_USAGE = YES_ERROR;
				CLANG_WARN_EMPTY_BODY = YES;
				CLANG_WARN_ENUM_CONVERSION = YES;
				CLANG_WARN_INT_CONVERSION = YES;
				CLANG_WARN_OBJC_ROOT_CLASS = YES_ERROR;
				CLANG_WARN__DUPLICATE_METHOD_MATCH = YES;
				"CODE_SIGN_IDENTITY[sdk=iphoneos*]" = "iPhone Developer";
				COPY_PHASE_STRIP = YES;
				ENABLE_NS_ASSERTIONS = NO;
				GCC_C_LANGUAGE_STANDARD = gnu99;
				GCC_WARN_64_TO_32_BIT_CONVERSION = YES;
				GCC_WARN_ABOUT_RETURN_TYPE = YES_ERROR;
				GCC_WARN_UNDECLARED_SELECTOR = YES;
				GCC_WARN_UNINITIALIZED_AUTOS = YES_AGGRESSIVE;
				GCC_WARN_UNUSED_FUNCTION = YES;
				GCC_WARN_UNUSED_VARIABLE = YES;
				IPHONEOS_DEPLOYMENT_TARGET = 7.0;
				SDKROOT = iphoneos;
				TARGETED_DEVICE_FAMILY = 2;
				VALIDATE_PRODUCT = YES;
			};
			name = Release;
		};
		907A617518F1581D00273A57 /* Debug */ = {
			isa = XCBuildConfiguration;
			buildSettings = {
				ASSETCATALOG_COMPILER_APPICON_NAME = AppIcon;
				ASSETCATALOG_COMPILER_LAUNCHIMAGE_NAME = LaunchImage;
				GCC_PRECOMPILE_PREFIX_HEADER = YES;
				GCC_PREFIX_HEADER = "MichalSmialko/MichalSmialko-Prefix.pch";
				INFOPLIST_FILE = "MichalSmialko/MichalSmialko-Info.plist";
				IPHONEOS_DEPLOYMENT_TARGET = 7.0;
				PRODUCT_NAME = "$(TARGET_NAME)";
				SPRITEKIT_TEXTURE_ATLAS_OUTPUT = YES;
				WRAPPER_EXTENSION = app;
			};
			name = Debug;
		};
		907A617618F1581D00273A57 /* Release */ = {
			isa = XCBuildConfiguration;
			buildSettings = {
				ASSETCATALOG_COMPILER_APPICON_NAME = AppIcon;
				ASSETCATALOG_COMPILER_LAUNCHIMAGE_NAME = LaunchImage;
				GCC_PRECOMPILE_PREFIX_HEADER = YES;
				GCC_PREFIX_HEADER = "MichalSmialko/MichalSmialko-Prefix.pch";
				INFOPLIST_FILE = "MichalSmialko/MichalSmialko-Info.plist";
				IPHONEOS_DEPLOYMENT_TARGET = 7.0;
				PRODUCT_NAME = "$(TARGET_NAME)";
				SPRITEKIT_TEXTURE_ATLAS_OUTPUT = YES;
				WRAPPER_EXTENSION = app;
			};
			name = Release;
		};
		907A617818F1581D00273A57 /* Debug */ = {
			isa = XCBuildConfiguration;
			buildSettings = {
				BUNDLE_LOADER = "$(BUILT_PRODUCTS_DIR)/MichalSmialko.app/MichalSmialko";
				FRAMEWORK_SEARCH_PATHS = (
					"$(SDKROOT)/Developer/Library/Frameworks",
					"$(inherited)",
					"$(DEVELOPER_FRAMEWORKS_DIR)",
				);
				GCC_PRECOMPILE_PREFIX_HEADER = YES;
				GCC_PREFIX_HEADER = "MichalSmialko/MichalSmialko-Prefix.pch";
				GCC_PREPROCESSOR_DEFINITIONS = (
					"DEBUG=1",
					"$(inherited)",
				);
				INFOPLIST_FILE = "MichalSmialkoTests/MichalSmialkoTests-Info.plist";
				PRODUCT_NAME = "$(TARGET_NAME)";
				TEST_HOST = "$(BUNDLE_LOADER)";
				WRAPPER_EXTENSION = xctest;
			};
			name = Debug;
		};
		907A617918F1581D00273A57 /* Release */ = {
			isa = XCBuildConfiguration;
			buildSettings = {
				BUNDLE_LOADER = "$(BUILT_PRODUCTS_DIR)/MichalSmialko.app/MichalSmialko";
				FRAMEWORK_SEARCH_PATHS = (
					"$(SDKROOT)/Developer/Library/Frameworks",
					"$(inherited)",
					"$(DEVELOPER_FRAMEWORKS_DIR)",
				);
				GCC_PRECOMPILE_PREFIX_HEADER = YES;
				GCC_PREFIX_HEADER = "MichalSmialko/MichalSmialko-Prefix.pch";
				INFOPLIST_FILE = "MichalSmialkoTests/MichalSmialkoTests-Info.plist";
				PRODUCT_NAME = "$(TARGET_NAME)";
				TEST_HOST = "$(BUNDLE_LOADER)";
				WRAPPER_EXTENSION = xctest;
			};
			name = Release;
		};
/* End XCBuildConfiguration section */

/* Begin XCConfigurationList section */
		907A613D18F1581C00273A57 /* Build configuration list for PBXProject "MichalSmialko" */ = {
			isa = XCConfigurationList;
			buildConfigurations = (
				907A617218F1581D00273A57 /* Debug */,
				907A617318F1581D00273A57 /* Release */,
			);
			defaultConfigurationIsVisible = 0;
			defaultConfigurationName = Release;
		};
		907A617418F1581D00273A57 /* Build configuration list for PBXNativeTarget "MichalSmialko" */ = {
			isa = XCConfigurationList;
			buildConfigurations = (
				907A617518F1581D00273A57 /* Debug */,
				907A617618F1581D00273A57 /* Release */,
			);
			defaultConfigurationIsVisible = 0;
			defaultConfigurationName = Release;
		};
		907A617718F1581D00273A57 /* Build configuration list for PBXNativeTarget "MichalSmialkoTests" */ = {
			isa = XCConfigurationList;
			buildConfigurations = (
				907A617818F1581D00273A57 /* Debug */,
				907A617918F1581D00273A57 /* Release */,
			);
			defaultConfigurationIsVisible = 0;
			defaultConfigurationName = Release;
		};
/* End XCConfigurationList section */
	};
	rootObject = 907A613A18F1581C00273A57 /* Project object */;
}
